PODS:
  - Mantle (2.0.5):
    - Mantle/extobjc (= 2.0.5)
  - Mantle/extobjc (2.0.5)
  - Masonry (0.6.3)
  - MSWeakTimer (1.1.0)

DEPENDENCIES:
  - Mantle (= 2.0.5)
  - Masonry (= 0.6.3)
  - MSWeakTimer (~> 1.1.0)

SPEC CHECKSUMS:
  Mantle: 1912395033f601de5adc8ee91e48f46e4c7051ad
  Masonry: ff105a956abcd19a618b2028b121cb638d7a8e2f
  MSWeakTimer: 9426150f933b80ed3acf3f6d228e4b61f0e303c8

COCOAPODS: 0.39.0
