// !$*UTF8*$!
{
	archiveVersion = 1;
	classes = {
	};
	objectVersion = 46;
	objects = {

/* Begin PBXBuildFile section */
		14419AB1B6CFB044669DA523 /* Pods_CLPSiriIntentUI.framework in Frameworks */ = {isa = PBXBuildFile; fileRef = 4D0A46256C8CA42F294108BB /* Pods_CLPSiriIntentUI.framework */; };
		290360701D268EB100B4798C /* NKSendPaymentUIController.m in Sources */ = {isa = PBXBuildFile; fileRef = 2903606F1D268EB100B4798C /* NKSendPaymentUIController.m */; };
		290360711D268EB100B4798C /* NKSendPaymentUIController.m in Sources */ = {isa = PBXBuildFile; fileRef = 2903606F1D268EB100B4798C /* NKSendPaymentUIController.m */; };
		290360741D268EC200B4798C /* NKRequestPaymentUIController.m in Sources */ = {isa = PBXBuildFile; fileRef = 290360731D268EC200B4798C /* NKRequestPaymentUIController.m */; };
		290360751D268EC200B4798C /* NKRequestPaymentUIController.m in Sources */ = {isa = PBXBuildFile; fileRef = 290360731D268EC200B4798C /* NKRequestPaymentUIController.m */; };
		290360781D268EE000B4798C /* NKSendPaymentUIView.m in Sources */ = {isa = PBXBuildFile; fileRef = 290360771D268EE000B4798C /* NKSendPaymentUIView.m */; };
		290360791D268EE000B4798C /* NKSendPaymentUIView.m in Sources */ = {isa = PBXBuildFile; fileRef = 290360771D268EE000B4798C /* NKSendPaymentUIView.m */; };
		2903607C1D268EEE00B4798C /* NKRequestPaymentUIView.m in Sources */ = {isa = PBXBuildFile; fileRef = 2903607B1D268EEE00B4798C /* NKRequestPaymentUIView.m */; };
		2903607D1D268EEE00B4798C /* NKRequestPaymentUIView.m in Sources */ = {isa = PBXBuildFile; fileRef = 2903607B1D268EEE00B4798C /* NKRequestPaymentUIView.m */; };
		29107A511D26A25E001C85B2 /* SiriListRideOptionsIntentHandler.m in Sources */ = {isa = PBXBuildFile; fileRef = 29107A501D26A25E001C85B2 /* SiriListRideOptionsIntentHandler.m */; };
		29107A541D26A275001C85B2 /* SiriRequestRideIntentHandler.m in Sources */ = {isa = PBXBuildFile; fileRef = 29107A531D26A275001C85B2 /* SiriRequestRideIntentHandler.m */; };
		29107A571D26A28D001C85B2 /* SiriGetRideStatusIntentHandler.m in Sources */ = {isa = PBXBuildFile; fileRef = 29107A561D26A28D001C85B2 /* SiriGetRideStatusIntentHandler.m */; };
		291527B21D6891E90062E74F /* NKAutohomeController.m in Sources */ = {isa = PBXBuildFile; fileRef = 291527B11D6891E90062E74F /* NKAutohomeController.m */; };
		291527B61D6892B30062E74F /* NKAutohomeView.m in Sources */ = {isa = PBXBuildFile; fileRef = 291527B51D6892B30062E74F /* NKAutohomeView.m */; };
		2927F6A41D2372280037ED22 /* CLPDemoCore.m in Sources */ = {isa = PBXBuildFile; fileRef = 2927F6A31D2372280037ED22 /* CLPDemoCore.m */; };
		2927F6A51D2372280037ED22 /* CLPDemoCore.m in Sources */ = {isa = PBXBuildFile; fileRef = 2927F6A31D2372280037ED22 /* CLPDemoCore.m */; };
		2927F6A61D2372280037ED22 /* CLPDemoCore.m in Sources */ = {isa = PBXBuildFile; fileRef = 2927F6A31D2372280037ED22 /* CLPDemoCore.m */; };
		292E7EF31D23CAB700EB8C96 /* SiriSearchMessageIntentHandler.m in Sources */ = {isa = PBXBuildFile; fileRef = 292E7EF21D23CAB700EB8C96 /* SiriSearchMessageIntentHandler.m */; };
		294A25901D26191D003E607B /* SiriSearchPhotosIntentHandler.m in Sources */ = {isa = PBXBuildFile; fileRef = 294A258F1D26191D003E607B /* SiriSearchPhotosIntentHandler.m */; };
		294A25931D26193B003E607B /* SiriStartPhotoPlaybackIntentHandler.m in Sources */ = {isa = PBXBuildFile; fileRef = 294A25921D26193B003E607B /* SiriStartPhotoPlaybackIntentHandler.m */; };
		294A25961D2650C1003E607B /* SiriISendPaymentntentHandler.m in Sources */ = {isa = PBXBuildFile; fileRef = 294A25951D2650C1003E607B /* SiriISendPaymentntentHandler.m */; };
		294A25991D2650CF003E607B /* SiriIRequestPaymentntentHandler.m in Sources */ = {isa = PBXBuildFile; fileRef = 294A25981D2650CF003E607B /* SiriIRequestPaymentntentHandler.m */; };
		29525C831D1B848600303F1D /* main.m in Sources */ = {isa = PBXBuildFile; fileRef = 29525C821D1B848600303F1D /* main.m */; };
		29525C861D1B848600303F1D /* NKAppDelegate.m in Sources */ = {isa = PBXBuildFile; fileRef = 29525C851D1B848600303F1D /* NKAppDelegate.m */; };
		29525C8E1D1B848600303F1D /* Assets.xcassets in Resources */ = {isa = PBXBuildFile; fileRef = 29525C8D1D1B848600303F1D /* Assets.xcassets */; };
		29525C911D1B848600303F1D /* LaunchScreen.storyboard in Resources */ = {isa = PBXBuildFile; fileRef = 29525C8F1D1B848600303F1D /* LaunchScreen.storyboard */; };
		29525C9C1D1B848600303F1D /* CLPDemoTests.m in Sources */ = {isa = PBXBuildFile; fileRef = 29525C9B1D1B848600303F1D /* CLPDemoTests.m */; };
		2953C2E71D2950DF004725A3 /* SiriStartWorkoutIntentHandler.m in Sources */ = {isa = PBXBuildFile; fileRef = 2953C2E61D2950DF004725A3 /* SiriStartWorkoutIntentHandler.m */; };
		2953C2EA1D295160004725A3 /* SiriPauseWorkoutIntentHandler.m in Sources */ = {isa = PBXBuildFile; fileRef = 2953C2E91D295160004725A3 /* SiriPauseWorkoutIntentHandler.m */; };
		2953C2ED1D295171004725A3 /* SiriResumeWorkoutIntentHandler.m in Sources */ = {isa = PBXBuildFile; fileRef = 2953C2EC1D295171004725A3 /* SiriResumeWorkoutIntentHandler.m */; };
		2953C2F01D295180004725A3 /* SiriEndWorkoutIntentHandler.m in Sources */ = {isa = PBXBuildFile; fileRef = 2953C2EF1D295180004725A3 /* SiriEndWorkoutIntentHandler.m */; };
		2953C2F31D29518D004725A3 /* SiriCancelWorkoutIntentHandler.m in Sources */ = {isa = PBXBuildFile; fileRef = 2953C2F21D29518D004725A3 /* SiriCancelWorkoutIntentHandler.m */; };
		2955B0981D1BC26B002AC741 /* Podfile in Resources */ = {isa = PBXBuildFile; fileRef = 2955B0971D1BC26B002AC741 /* Podfile */; };
		2964681B1D1FF67C004C4C74 /* CoreLocation.framework in Frameworks */ = {isa = PBXBuildFile; fileRef = 2964681A1D1FF67C004C4C74 /* CoreLocation.framework */; };
		298246501D1B957700D2054C /* NKHomeViewController.m in Sources */ = {isa = PBXBuildFile; fileRef = 2982464F1D1B957700D2054C /* NKHomeViewController.m */; };
		29827C921D1BD11B00D4133D /* NKSiriViewController.m in Sources */ = {isa = PBXBuildFile; fileRef = 29827C911D1BD11B00D4133D /* NKSiriViewController.m */; };
		299D6D471D2522AC004608AC /* SiriStartAudioCallIntentHandler.m in Sources */ = {isa = PBXBuildFile; fileRef = 299D6D461D2522AC004608AC /* SiriStartAudioCallIntentHandler.m */; };
		299D6D4A1D2522C3004608AC /* SiriStartVideoCallIntentHandler.m in Sources */ = {isa = PBXBuildFile; fileRef = 299D6D491D2522C3004608AC /* SiriStartVideoCallIntentHandler.m */; };
		299D6D4D1D2522DC004608AC /* SiriSearchCallHistoryIntentHandler.m in Sources */ = {isa = PBXBuildFile; fileRef = 299D6D4C1D2522DC004608AC /* SiriSearchCallHistoryIntentHandler.m */; };
		29AC84791D20083900EF9B18 /* IntentsUI.framework in Frameworks */ = {isa = PBXBuildFile; fileRef = 29827CA21D1C009C00D4133D /* IntentsUI.framework */; };
		29AC84841D20083900EF9B18 /* CLPSiriIntentUI.appex in Embed App Extensions */ = {isa = PBXBuildFile; fileRef = 29AC84781D20083900EF9B18 /* CLPSiriIntentUI.appex */; settings = {ATTRIBUTES = (RemoveHeadersOnCopy, ); }; };
		29BD84D51D20FC040015B2F1 /* SiriIntentViewController.m in Sources */ = {isa = PBXBuildFile; fileRef = 29BD84D41D20FC040015B2F1 /* SiriIntentViewController.m */; };
		29CA26CB1D23B47D00EE679B /* SiriSendMessageIntentHandler.m in Sources */ = {isa = PBXBuildFile; fileRef = 29CA26CA1D23B47D00EE679B /* SiriSendMessageIntentHandler.m */; };
		29D40BF51D226A7F003F6F7B /* NKCommonDefine.m in Sources */ = {isa = PBXBuildFile; fileRef = 29D40BD21D226A7F003F6F7B /* NKCommonDefine.m */; };
		29D40BF61D226A7F003F6F7B /* NKCommonDefine.m in Sources */ = {isa = PBXBuildFile; fileRef = 29D40BD21D226A7F003F6F7B /* NKCommonDefine.m */; };
		29D40BF71D226A7F003F6F7B /* NKCommonDefine.m in Sources */ = {isa = PBXBuildFile; fileRef = 29D40BD21D226A7F003F6F7B /* NKCommonDefine.m */; };
		29D40BF81D226A7F003F6F7B /* NKSectionedTableView.m in Sources */ = {isa = PBXBuildFile; fileRef = 29D40BD51D226A7F003F6F7B /* NKSectionedTableView.m */; };
		29D40BF91D226A7F003F6F7B /* NKSectionedTableView.m in Sources */ = {isa = PBXBuildFile; fileRef = 29D40BD51D226A7F003F6F7B /* NKSectionedTableView.m */; };
		29D40BFA1D226A7F003F6F7B /* NKSectionedTableView.m in Sources */ = {isa = PBXBuildFile; fileRef = 29D40BD51D226A7F003F6F7B /* NKSectionedTableView.m */; };
		29D40BFB1D226A7F003F6F7B /* NKSectionedTableViewAdapter.m in Sources */ = {isa = PBXBuildFile; fileRef = 29D40BD71D226A7F003F6F7B /* NKSectionedTableViewAdapter.m */; };
		29D40BFC1D226A7F003F6F7B /* NKSectionedTableViewAdapter.m in Sources */ = {isa = PBXBuildFile; fileRef = 29D40BD71D226A7F003F6F7B /* NKSectionedTableViewAdapter.m */; };
		29D40BFD1D226A7F003F6F7B /* NKSectionedTableViewAdapter.m in Sources */ = {isa = PBXBuildFile; fileRef = 29D40BD71D226A7F003F6F7B /* NKSectionedTableViewAdapter.m */; };
		29D40BFE1D226A7F003F6F7B /* NKUtil.m in Sources */ = {isa = PBXBuildFile; fileRef = 29D40BD91D226A7F003F6F7B /* NKUtil.m */; };
		29D40BFF1D226A7F003F6F7B /* NKUtil.m in Sources */ = {isa = PBXBuildFile; fileRef = 29D40BD91D226A7F003F6F7B /* NKUtil.m */; };
		29D40C001D226A7F003F6F7B /* NKUtil.m in Sources */ = {isa = PBXBuildFile; fileRef = 29D40BD91D226A7F003F6F7B /* NKUtil.m */; };
		29D40C011D226A7F003F6F7B /* NKSendMessageUIController.m in Sources */ = {isa = PBXBuildFile; fileRef = 29D40BDC1D226A7F003F6F7B /* NKSendMessageUIController.m */; };
		29D40C021D226A7F003F6F7B /* NKSendMessageUIController.m in Sources */ = {isa = PBXBuildFile; fileRef = 29D40BDC1D226A7F003F6F7B /* NKSendMessageUIController.m */; };
		29D40C031D226A7F003F6F7B /* NKSendMessageUIController.m in Sources */ = {isa = PBXBuildFile; fileRef = 29D40BDC1D226A7F003F6F7B /* NKSendMessageUIController.m */; };
		29D40C041D226A7F003F6F7B /* NKContactService.m in Sources */ = {isa = PBXBuildFile; fileRef = 29D40BDF1D226A7F003F6F7B /* NKContactService.m */; };
		29D40C051D226A7F003F6F7B /* NKContactService.m in Sources */ = {isa = PBXBuildFile; fileRef = 29D40BDF1D226A7F003F6F7B /* NKContactService.m */; };
		29D40C061D226A7F003F6F7B /* NKContactService.m in Sources */ = {isa = PBXBuildFile; fileRef = 29D40BDF1D226A7F003F6F7B /* NKContactService.m */; };
		29D40C071D226A7F003F6F7B /* NKLocationService.m in Sources */ = {isa = PBXBuildFile; fileRef = 29D40BE11D226A7F003F6F7B /* NKLocationService.m */; };
		29D40C081D226A7F003F6F7B /* NKLocationService.m in Sources */ = {isa = PBXBuildFile; fileRef = 29D40BE11D226A7F003F6F7B /* NKLocationService.m */; };
		29D40C091D226A7F003F6F7B /* NKLocationService.m in Sources */ = {isa = PBXBuildFile; fileRef = 29D40BE11D226A7F003F6F7B /* NKLocationService.m */; };
		29D40C0A1D226A7F003F6F7B /* NKServiceManager.m in Sources */ = {isa = PBXBuildFile; fileRef = 29D40BE31D226A7F003F6F7B /* NKServiceManager.m */; };
		29D40C0B1D226A7F003F6F7B /* NKServiceManager.m in Sources */ = {isa = PBXBuildFile; fileRef = 29D40BE31D226A7F003F6F7B /* NKServiceManager.m */; };
		29D40C0C1D226A7F003F6F7B /* NKServiceManager.m in Sources */ = {isa = PBXBuildFile; fileRef = 29D40BE31D226A7F003F6F7B /* NKServiceManager.m */; };
		29D40C0D1D226A7F003F6F7B /* NKSiriService.m in Sources */ = {isa = PBXBuildFile; fileRef = 29D40BE51D226A7F003F6F7B /* NKSiriService.m */; };
		29D40C0E1D226A7F003F6F7B /* NKSiriService.m in Sources */ = {isa = PBXBuildFile; fileRef = 29D40BE51D226A7F003F6F7B /* NKSiriService.m */; };
		29D40C0F1D226A7F003F6F7B /* NKSiriService.m in Sources */ = {isa = PBXBuildFile; fileRef = 29D40BE51D226A7F003F6F7B /* NKSiriService.m */; };
		29D40C101D226A7F003F6F7B /* NKCommonView.m in Sources */ = {isa = PBXBuildFile; fileRef = 29D40BE91D226A7F003F6F7B /* NKCommonView.m */; };
		29D40C111D226A7F003F6F7B /* NKCommonView.m in Sources */ = {isa = PBXBuildFile; fileRef = 29D40BE91D226A7F003F6F7B /* NKCommonView.m */; };
		29D40C121D226A7F003F6F7B /* NKCommonView.m in Sources */ = {isa = PBXBuildFile; fileRef = 29D40BE91D226A7F003F6F7B /* NKCommonView.m */; };
		29D40C131D226A7F003F6F7B /* NKHomeTableViewAdapter.m in Sources */ = {isa = PBXBuildFile; fileRef = 29D40BEB1D226A7F003F6F7B /* NKHomeTableViewAdapter.m */; };
		29D40C141D226A7F003F6F7B /* NKHomeTableViewAdapter.m in Sources */ = {isa = PBXBuildFile; fileRef = 29D40BEB1D226A7F003F6F7B /* NKHomeTableViewAdapter.m */; };
		29D40C151D226A7F003F6F7B /* NKHomeTableViewAdapter.m in Sources */ = {isa = PBXBuildFile; fileRef = 29D40BEB1D226A7F003F6F7B /* NKHomeTableViewAdapter.m */; };
		29D40C161D226A7F003F6F7B /* NKHomeView.m in Sources */ = {isa = PBXBuildFile; fileRef = 29D40BED1D226A7F003F6F7B /* NKHomeView.m */; };
		29D40C171D226A7F003F6F7B /* NKHomeView.m in Sources */ = {isa = PBXBuildFile; fileRef = 29D40BED1D226A7F003F6F7B /* NKHomeView.m */; };
		29D40C181D226A7F003F6F7B /* NKHomeView.m in Sources */ = {isa = PBXBuildFile; fileRef = 29D40BED1D226A7F003F6F7B /* NKHomeView.m */; };
		29D40C191D226A7F003F6F7B /* NKSendMessageUIView.m in Sources */ = {isa = PBXBuildFile; fileRef = 29D40BEF1D226A7F003F6F7B /* NKSendMessageUIView.m */; };
		29D40C1A1D226A7F003F6F7B /* NKSendMessageUIView.m in Sources */ = {isa = PBXBuildFile; fileRef = 29D40BEF1D226A7F003F6F7B /* NKSendMessageUIView.m */; };
		29D40C1B1D226A7F003F6F7B /* NKSendMessageUIView.m in Sources */ = {isa = PBXBuildFile; fileRef = 29D40BEF1D226A7F003F6F7B /* NKSendMessageUIView.m */; };
		29D40C1C1D226A7F003F6F7B /* NKBaseViewController.m in Sources */ = {isa = PBXBuildFile; fileRef = 29D40BF21D226A7F003F6F7B /* NKBaseViewController.m */; };
		29D40C1D1D226A7F003F6F7B /* NKBaseViewController.m in Sources */ = {isa = PBXBuildFile; fileRef = 29D40BF21D226A7F003F6F7B /* NKBaseViewController.m */; };
		29D40C1E1D226A7F003F6F7B /* NKBaseViewController.m in Sources */ = {isa = PBXBuildFile; fileRef = 29D40BF21D226A7F003F6F7B /* NKBaseViewController.m */; };
		29D40C1F1D226A7F003F6F7B /* NKNavigationController.m in Sources */ = {isa = PBXBuildFile; fileRef = 29D40BF41D226A7F003F6F7B /* NKNavigationController.m */; };
		29D40C201D226A7F003F6F7B /* NKNavigationController.m in Sources */ = {isa = PBXBuildFile; fileRef = 29D40BF41D226A7F003F6F7B /* NKNavigationController.m */; };
		29D40C211D226A7F003F6F7B /* NKNavigationController.m in Sources */ = {isa = PBXBuildFile; fileRef = 29D40BF41D226A7F003F6F7B /* NKNavigationController.m */; };
		29EA8B0D1D20047C00CF2837 /* SiriIntentHandler.m in Sources */ = {isa = PBXBuildFile; fileRef = 29EA8B0C1D20047C00CF2837 /* SiriIntentHandler.m */; };
		29EA8B221D20047D00CF2837 /* CLPSiriIntent.appex in Embed App Extensions */ = {isa = PBXBuildFile; fileRef = 29EA8B091D20047C00CF2837 /* CLPSiriIntent.appex */; settings = {ATTRIBUTES = (RemoveHeadersOnCopy, ); }; };
		6341D59906C57C99D5171EEE /* Pods_CLPSiriIntent.framework in Frameworks */ = {isa = PBXBuildFile; fileRef = 3E5A0AB10351F1038DA46F7D /* Pods_CLPSiriIntent.framework */; };
		C08302184846BAB5F514F27E /* Pods_CLPDemo.framework in Frameworks */ = {isa = PBXBuildFile; fileRef = 8E03B1ABEB964094F59B0D82 /* Pods_CLPDemo.framework */; };
/* End PBXBuildFile section */

/* Begin PBXContainerItemProxy section */
		29525C981D1B848600303F1D /* PBXContainerItemProxy */ = {
			isa = PBXContainerItemProxy;
			containerPortal = 29525C761D1B848600303F1D /* Project object */;
			proxyType = 1;
			remoteGlobalIDString = 29525C7D1D1B848600303F1D;
			remoteInfo = CLPDemo;
		};
		29AC84821D20083900EF9B18 /* PBXContainerItemProxy */ = {
			isa = PBXContainerItemProxy;
			containerPortal = 29525C761D1B848600303F1D /* Project object */;
			proxyType = 1;
			remoteGlobalIDString = 29AC84771D20083900EF9B18;
			remoteInfo = CLPSiriIntentUI;
		};
		29EA8B201D20047D00CF2837 /* PBXContainerItemProxy */ = {
			isa = PBXContainerItemProxy;
			containerPortal = 29525C761D1B848600303F1D /* Project object */;
			proxyType = 1;
			remoteGlobalIDString = 29EA8B081D20047C00CF2837;
			remoteInfo = CLPSiriIntent;
		};
/* End PBXContainerItemProxy section */

/* Begin PBXCopyFilesBuildPhase section */
		29827CB81D1C009D00D4133D /* Embed App Extensions */ = {
			isa = PBXCopyFilesBuildPhase;
			buildActionMask = 2147483647;
			dstPath = "";
			dstSubfolderSpec = 13;
			files = (
				29EA8B221D20047D00CF2837 /* CLPSiriIntent.appex in Embed App Extensions */,
				29AC84841D20083900EF9B18 /* CLPSiriIntentUI.appex in Embed App Extensions */,
			);
			name = "Embed App Extensions";
			runOnlyForDeploymentPostprocessing = 0;
		};
/* End PBXCopyFilesBuildPhase section */

/* Begin PBXFileReference section */
		20EDEA6F13316A2E45433E81 /* Pods-CLPSiriIntentUI.debug.xcconfig */ = {isa = PBXFileReference; includeInIndex = 1; lastKnownFileType = text.xcconfig; name = "Pods-CLPSiriIntentUI.debug.xcconfig"; path = "Pods/Target Support Files/Pods-CLPSiriIntentUI/Pods-CLPSiriIntentUI.debug.xcconfig"; sourceTree = "<group>"; };
		2903606E1D268EB100B4798C /* NKSendPaymentUIController.h */ = {isa = PBXFileReference; fileEncoding = 4; lastKnownFileType = sourcecode.c.h; path = NKSendPaymentUIController.h; sourceTree = "<group>"; };
		2903606F1D268EB100B4798C /* NKSendPaymentUIController.m */ = {isa = PBXFileReference; fileEncoding = 4; lastKnownFileType = sourcecode.c.objc; path = NKSendPaymentUIController.m; sourceTree = "<group>"; };
		290360721D268EC200B4798C /* NKRequestPaymentUIController.h */ = {isa = PBXFileReference; fileEncoding = 4; lastKnownFileType = sourcecode.c.h; path = NKRequestPaymentUIController.h; sourceTree = "<group>"; };
		290360731D268EC200B4798C /* NKRequestPaymentUIController.m */ = {isa = PBXFileReference; fileEncoding = 4; lastKnownFileType = sourcecode.c.objc; path = NKRequestPaymentUIController.m; sourceTree = "<group>"; };
		290360761D268EE000B4798C /* NKSendPaymentUIView.h */ = {isa = PBXFileReference; fileEncoding = 4; lastKnownFileType = sourcecode.c.h; path = NKSendPaymentUIView.h; sourceTree = "<group>"; };
		290360771D268EE000B4798C /* NKSendPaymentUIView.m */ = {isa = PBXFileReference; fileEncoding = 4; lastKnownFileType = sourcecode.c.objc; path = NKSendPaymentUIView.m; sourceTree = "<group>"; };
		2903607A1D268EEE00B4798C /* NKRequestPaymentUIView.h */ = {isa = PBXFileReference; fileEncoding = 4; lastKnownFileType = sourcecode.c.h; path = NKRequestPaymentUIView.h; sourceTree = "<group>"; };
		2903607B1D268EEE00B4798C /* NKRequestPaymentUIView.m */ = {isa = PBXFileReference; fileEncoding = 4; lastKnownFileType = sourcecode.c.objc; path = NKRequestPaymentUIView.m; sourceTree = "<group>"; };
		29107A4F1D26A25E001C85B2 /* SiriListRideOptionsIntentHandler.h */ = {isa = PBXFileReference; fileEncoding = 4; lastKnownFileType = sourcecode.c.h; path = SiriListRideOptionsIntentHandler.h; sourceTree = "<group>"; };
		29107A501D26A25E001C85B2 /* SiriListRideOptionsIntentHandler.m */ = {isa = PBXFileReference; fileEncoding = 4; lastKnownFileType = sourcecode.c.objc; path = SiriListRideOptionsIntentHandler.m; sourceTree = "<group>"; };
		29107A521D26A275001C85B2 /* SiriRequestRideIntentHandler.h */ = {isa = PBXFileReference; fileEncoding = 4; lastKnownFileType = sourcecode.c.h; path = SiriRequestRideIntentHandler.h; sourceTree = "<group>"; };
		29107A531D26A275001C85B2 /* SiriRequestRideIntentHandler.m */ = {isa = PBXFileReference; fileEncoding = 4; lastKnownFileType = sourcecode.c.objc; path = SiriRequestRideIntentHandler.m; sourceTree = "<group>"; };
		29107A551D26A28D001C85B2 /* SiriGetRideStatusIntentHandler.h */ = {isa = PBXFileReference; fileEncoding = 4; lastKnownFileType = sourcecode.c.h; path = SiriGetRideStatusIntentHandler.h; sourceTree = "<group>"; };
		29107A561D26A28D001C85B2 /* SiriGetRideStatusIntentHandler.m */ = {isa = PBXFileReference; fileEncoding = 4; lastKnownFileType = sourcecode.c.objc; path = SiriGetRideStatusIntentHandler.m; sourceTree = "<group>"; };
		291527AF1D688ED10062E74F /* CLPDemo.entitlements */ = {isa = PBXFileReference; lastKnownFileType = text.plist.entitlements; path = CLPDemo.entitlements; sourceTree = "<group>"; };
		291527B01D6891E90062E74F /* NKAutohomeController.h */ = {isa = PBXFileReference; fileEncoding = 4; lastKnownFileType = sourcecode.c.h; path = NKAutohomeController.h; sourceTree = "<group>"; };
		291527B11D6891E90062E74F /* NKAutohomeController.m */ = {isa = PBXFileReference; fileEncoding = 4; lastKnownFileType = sourcecode.c.objc; path = NKAutohomeController.m; sourceTree = "<group>"; };
		291527B41D6892B30062E74F /* NKAutohomeView.h */ = {isa = PBXFileReference; fileEncoding = 4; lastKnownFileType = sourcecode.c.h; path = NKAutohomeView.h; sourceTree = "<group>"; };
		291527B51D6892B30062E74F /* NKAutohomeView.m */ = {isa = PBXFileReference; fileEncoding = 4; lastKnownFileType = sourcecode.c.objc; path = NKAutohomeView.m; sourceTree = "<group>"; };
		2927F6A31D2372280037ED22 /* CLPDemoCore.m */ = {isa = PBXFileReference; fileEncoding = 4; lastKnownFileType = sourcecode.c.objc; path = CLPDemoCore.m; sourceTree = "<group>"; };
		292D9B1C1D1FD17300277A22 /* Intents.framework */ = {isa = PBXFileReference; lastKnownFileType = wrapper.framework; name = Intents.framework; path = System/Library/Frameworks/Intents.framework; sourceTree = SDKROOT; };
		292D9B1E1D1FE5C700277A22 /* Contacts.framework */ = {isa = PBXFileReference; lastKnownFileType = wrapper.framework; name = Contacts.framework; path = System/Library/Frameworks/Contacts.framework; sourceTree = SDKROOT; };
		292E7EF11D23CAB700EB8C96 /* SiriSearchMessageIntentHandler.h */ = {isa = PBXFileReference; fileEncoding = 4; lastKnownFileType = sourcecode.c.h; path = SiriSearchMessageIntentHandler.h; sourceTree = "<group>"; };
		292E7EF21D23CAB700EB8C96 /* SiriSearchMessageIntentHandler.m */ = {isa = PBXFileReference; fileEncoding = 4; lastKnownFileType = sourcecode.c.objc; path = SiriSearchMessageIntentHandler.m; sourceTree = "<group>"; };
		294A258E1D26191D003E607B /* SiriSearchPhotosIntentHandler.h */ = {isa = PBXFileReference; fileEncoding = 4; lastKnownFileType = sourcecode.c.h; path = SiriSearchPhotosIntentHandler.h; sourceTree = "<group>"; };
		294A258F1D26191D003E607B /* SiriSearchPhotosIntentHandler.m */ = {isa = PBXFileReference; fileEncoding = 4; lastKnownFileType = sourcecode.c.objc; path = SiriSearchPhotosIntentHandler.m; sourceTree = "<group>"; };
		294A25911D26193B003E607B /* SiriStartPhotoPlaybackIntentHandler.h */ = {isa = PBXFileReference; fileEncoding = 4; lastKnownFileType = sourcecode.c.h; path = SiriStartPhotoPlaybackIntentHandler.h; sourceTree = "<group>"; };
		294A25921D26193B003E607B /* SiriStartPhotoPlaybackIntentHandler.m */ = {isa = PBXFileReference; fileEncoding = 4; lastKnownFileType = sourcecode.c.objc; path = SiriStartPhotoPlaybackIntentHandler.m; sourceTree = "<group>"; };
		294A25941D2650C1003E607B /* SiriISendPaymentntentHandler.h */ = {isa = PBXFileReference; fileEncoding = 4; lastKnownFileType = sourcecode.c.h; path = SiriISendPaymentntentHandler.h; sourceTree = "<group>"; };
		294A25951D2650C1003E607B /* SiriISendPaymentntentHandler.m */ = {isa = PBXFileReference; fileEncoding = 4; lastKnownFileType = sourcecode.c.objc; path = SiriISendPaymentntentHandler.m; sourceTree = "<group>"; };
		294A25971D2650CF003E607B /* SiriIRequestPaymentntentHandler.h */ = {isa = PBXFileReference; fileEncoding = 4; lastKnownFileType = sourcecode.c.h; path = SiriIRequestPaymentntentHandler.h; sourceTree = "<group>"; };
		294A25981D2650CF003E607B /* SiriIRequestPaymentntentHandler.m */ = {isa = PBXFileReference; fileEncoding = 4; lastKnownFileType = sourcecode.c.objc; path = SiriIRequestPaymentntentHandler.m; sourceTree = "<group>"; };
		29525C7E1D1B848600303F1D /* CLPDemo.app */ = {isa = PBXFileReference; explicitFileType = wrapper.application; includeInIndex = 0; path = CLPDemo.app; sourceTree = BUILT_PRODUCTS_DIR; };
		29525C821D1B848600303F1D /* main.m */ = {isa = PBXFileReference; lastKnownFileType = sourcecode.c.objc; path = main.m; sourceTree = "<group>"; };
		29525C841D1B848600303F1D /* NKAppDelegate.h */ = {isa = PBXFileReference; lastKnownFileType = sourcecode.c.h; path = NKAppDelegate.h; sourceTree = "<group>"; };
		29525C851D1B848600303F1D /* NKAppDelegate.m */ = {isa = PBXFileReference; lastKnownFileType = sourcecode.c.objc; path = NKAppDelegate.m; sourceTree = "<group>"; };
		29525C8D1D1B848600303F1D /* Assets.xcassets */ = {isa = PBXFileReference; lastKnownFileType = folder.assetcatalog; path = Assets.xcassets; sourceTree = "<group>"; };
		29525C901D1B848600303F1D /* Base */ = {isa = PBXFileReference; lastKnownFileType = file.storyboard; name = Base; path = Base.lproj/LaunchScreen.storyboard; sourceTree = "<group>"; };
		29525C921D1B848600303F1D /* Info.plist */ = {isa = PBXFileReference; lastKnownFileType = text.plist.xml; path = Info.plist; sourceTree = "<group>"; };
		29525C971D1B848600303F1D /* CLPDemoTests.xctest */ = {isa = PBXFileReference; explicitFileType = wrapper.cfbundle; includeInIndex = 0; path = CLPDemoTests.xctest; sourceTree = BUILT_PRODUCTS_DIR; };
		29525C9B1D1B848600303F1D /* CLPDemoTests.m */ = {isa = PBXFileReference; lastKnownFileType = sourcecode.c.objc; path = CLPDemoTests.m; sourceTree = "<group>"; };
		29525C9D1D1B848600303F1D /* Info.plist */ = {isa = PBXFileReference; lastKnownFileType = text.plist.xml; path = Info.plist; sourceTree = "<group>"; };
		2953C2E51D2950DF004725A3 /* SiriStartWorkoutIntentHandler.h */ = {isa = PBXFileReference; fileEncoding = 4; lastKnownFileType = sourcecode.c.h; path = SiriStartWorkoutIntentHandler.h; sourceTree = "<group>"; };
		2953C2E61D2950DF004725A3 /* SiriStartWorkoutIntentHandler.m */ = {isa = PBXFileReference; fileEncoding = 4; lastKnownFileType = sourcecode.c.objc; path = SiriStartWorkoutIntentHandler.m; sourceTree = "<group>"; };
		2953C2E81D295160004725A3 /* SiriPauseWorkoutIntentHandler.h */ = {isa = PBXFileReference; fileEncoding = 4; lastKnownFileType = sourcecode.c.h; path = SiriPauseWorkoutIntentHandler.h; sourceTree = "<group>"; };
		2953C2E91D295160004725A3 /* SiriPauseWorkoutIntentHandler.m */ = {isa = PBXFileReference; fileEncoding = 4; lastKnownFileType = sourcecode.c.objc; path = SiriPauseWorkoutIntentHandler.m; sourceTree = "<group>"; };
		2953C2EB1D295171004725A3 /* SiriResumeWorkoutIntentHandler.h */ = {isa = PBXFileReference; fileEncoding = 4; lastKnownFileType = sourcecode.c.h; path = SiriResumeWorkoutIntentHandler.h; sourceTree = "<group>"; };
		2953C2EC1D295171004725A3 /* SiriResumeWorkoutIntentHandler.m */ = {isa = PBXFileReference; fileEncoding = 4; lastKnownFileType = sourcecode.c.objc; path = SiriResumeWorkoutIntentHandler.m; sourceTree = "<group>"; };
		2953C2EE1D295180004725A3 /* SiriEndWorkoutIntentHandler.h */ = {isa = PBXFileReference; fileEncoding = 4; lastKnownFileType = sourcecode.c.h; path = SiriEndWorkoutIntentHandler.h; sourceTree = "<group>"; };
		2953C2EF1D295180004725A3 /* SiriEndWorkoutIntentHandler.m */ = {isa = PBXFileReference; fileEncoding = 4; lastKnownFileType = sourcecode.c.objc; path = SiriEndWorkoutIntentHandler.m; sourceTree = "<group>"; };
		2953C2F11D29518D004725A3 /* SiriCancelWorkoutIntentHandler.h */ = {isa = PBXFileReference; fileEncoding = 4; lastKnownFileType = sourcecode.c.h; path = SiriCancelWorkoutIntentHandler.h; sourceTree = "<group>"; };
		2953C2F21D29518D004725A3 /* SiriCancelWorkoutIntentHandler.m */ = {isa = PBXFileReference; fileEncoding = 4; lastKnownFileType = sourcecode.c.objc; path = SiriCancelWorkoutIntentHandler.m; sourceTree = "<group>"; };
		2955B0971D1BC26B002AC741 /* Podfile */ = {isa = PBXFileReference; fileEncoding = 4; lastKnownFileType = text; path = Podfile; sourceTree = "<group>"; xcLanguageSpecificationIdentifier = xcode.lang.ruby; };
		2964681A1D1FF67C004C4C74 /* CoreLocation.framework */ = {isa = PBXFileReference; lastKnownFileType = wrapper.framework; name = CoreLocation.framework; path = System/Library/Frameworks/CoreLocation.framework; sourceTree = SDKROOT; };
		2982464E1D1B957700D2054C /* NKHomeViewController.h */ = {isa = PBXFileReference; fileEncoding = 4; lastKnownFileType = sourcecode.c.h; path = NKHomeViewController.h; sourceTree = "<group>"; };
		2982464F1D1B957700D2054C /* NKHomeViewController.m */ = {isa = PBXFileReference; fileEncoding = 4; lastKnownFileType = sourcecode.c.objc; path = NKHomeViewController.m; sourceTree = "<group>"; };
		29827C901D1BD11B00D4133D /* NKSiriViewController.h */ = {isa = PBXFileReference; fileEncoding = 4; lastKnownFileType = sourcecode.c.h; path = NKSiriViewController.h; sourceTree = "<group>"; };
		29827C911D1BD11B00D4133D /* NKSiriViewController.m */ = {isa = PBXFileReference; fileEncoding = 4; lastKnownFileType = sourcecode.c.objc; path = NKSiriViewController.m; sourceTree = "<group>"; };
		29827CA21D1C009C00D4133D /* IntentsUI.framework */ = {isa = PBXFileReference; lastKnownFileType = wrapper.framework; name = IntentsUI.framework; path = System/Library/Frameworks/IntentsUI.framework; sourceTree = SDKROOT; };
		299D6D451D2522AC004608AC /* SiriStartAudioCallIntentHandler.h */ = {isa = PBXFileReference; fileEncoding = 4; lastKnownFileType = sourcecode.c.h; path = SiriStartAudioCallIntentHandler.h; sourceTree = "<group>"; };
		299D6D461D2522AC004608AC /* SiriStartAudioCallIntentHandler.m */ = {isa = PBXFileReference; fileEncoding = 4; lastKnownFileType = sourcecode.c.objc; path = SiriStartAudioCallIntentHandler.m; sourceTree = "<group>"; };
		299D6D481D2522C3004608AC /* SiriStartVideoCallIntentHandler.h */ = {isa = PBXFileReference; fileEncoding = 4; lastKnownFileType = sourcecode.c.h; path = SiriStartVideoCallIntentHandler.h; sourceTree = "<group>"; };
		299D6D491D2522C3004608AC /* SiriStartVideoCallIntentHandler.m */ = {isa = PBXFileReference; fileEncoding = 4; lastKnownFileType = sourcecode.c.objc; path = SiriStartVideoCallIntentHandler.m; sourceTree = "<group>"; };
		299D6D4B1D2522DC004608AC /* SiriSearchCallHistoryIntentHandler.h */ = {isa = PBXFileReference; fileEncoding = 4; lastKnownFileType = sourcecode.c.h; path = SiriSearchCallHistoryIntentHandler.h; sourceTree = "<group>"; };
		299D6D4C1D2522DC004608AC /* SiriSearchCallHistoryIntentHandler.m */ = {isa = PBXFileReference; fileEncoding = 4; lastKnownFileType = sourcecode.c.objc; path = SiriSearchCallHistoryIntentHandler.m; sourceTree = "<group>"; };
		29AC84781D20083900EF9B18 /* CLPSiriIntentUI.appex */ = {isa = PBXFileReference; explicitFileType = "wrapper.app-extension"; includeInIndex = 0; path = CLPSiriIntentUI.appex; sourceTree = BUILT_PRODUCTS_DIR; };
		29AC84811D20083900EF9B18 /* Info.plist */ = {isa = PBXFileReference; lastKnownFileType = text.plist.xml; path = Info.plist; sourceTree = "<group>"; };
		29BD84D31D20FC040015B2F1 /* SiriIntentViewController.h */ = {isa = PBXFileReference; fileEncoding = 4; lastKnownFileType = sourcecode.c.h; path = SiriIntentViewController.h; sourceTree = "<group>"; };
		29BD84D41D20FC040015B2F1 /* SiriIntentViewController.m */ = {isa = PBXFileReference; fileEncoding = 4; lastKnownFileType = sourcecode.c.objc; path = SiriIntentViewController.m; sourceTree = "<group>"; };
		29CA26C91D23B47D00EE679B /* SiriSendMessageIntentHandler.h */ = {isa = PBXFileReference; fileEncoding = 4; lastKnownFileType = sourcecode.c.h; path = SiriSendMessageIntentHandler.h; sourceTree = "<group>"; };
		29CA26CA1D23B47D00EE679B /* SiriSendMessageIntentHandler.m */ = {isa = PBXFileReference; fileEncoding = 4; lastKnownFileType = sourcecode.c.objc; path = SiriSendMessageIntentHandler.m; sourceTree = "<group>"; };
		29D40BCF1D226A7F003F6F7B /* CLPDemoCore.h */ = {isa = PBXFileReference; fileEncoding = 4; lastKnownFileType = sourcecode.c.h; path = CLPDemoCore.h; sourceTree = "<group>"; };
		29D40BD11D226A7F003F6F7B /* NKCommonDefine.h */ = {isa = PBXFileReference; fileEncoding = 4; lastKnownFileType = sourcecode.c.h; path = NKCommonDefine.h; sourceTree = "<group>"; };
		29D40BD21D226A7F003F6F7B /* NKCommonDefine.m */ = {isa = PBXFileReference; fileEncoding = 4; lastKnownFileType = sourcecode.c.objc; path = NKCommonDefine.m; sourceTree = "<group>"; };
		29D40BD41D226A7F003F6F7B /* NKSectionedTableView.h */ = {isa = PBXFileReference; fileEncoding = 4; lastKnownFileType = sourcecode.c.h; path = NKSectionedTableView.h; sourceTree = "<group>"; };
		29D40BD51D226A7F003F6F7B /* NKSectionedTableView.m */ = {isa = PBXFileReference; fileEncoding = 4; lastKnownFileType = sourcecode.c.objc; path = NKSectionedTableView.m; sourceTree = "<group>"; };
		29D40BD61D226A7F003F6F7B /* NKSectionedTableViewAdapter.h */ = {isa = PBXFileReference; fileEncoding = 4; lastKnownFileType = sourcecode.c.h; path = NKSectionedTableViewAdapter.h; sourceTree = "<group>"; };
		29D40BD71D226A7F003F6F7B /* NKSectionedTableViewAdapter.m */ = {isa = PBXFileReference; fileEncoding = 4; lastKnownFileType = sourcecode.c.objc; path = NKSectionedTableViewAdapter.m; sourceTree = "<group>"; };
		29D40BD81D226A7F003F6F7B /* NKUtil.h */ = {isa = PBXFileReference; fileEncoding = 4; lastKnownFileType = sourcecode.c.h; path = NKUtil.h; sourceTree = "<group>"; };
		29D40BD91D226A7F003F6F7B /* NKUtil.m */ = {isa = PBXFileReference; fileEncoding = 4; lastKnownFileType = sourcecode.c.objc; path = NKUtil.m; sourceTree = "<group>"; };
		29D40BDB1D226A7F003F6F7B /* NKSendMessageUIController.h */ = {isa = PBXFileReference; fileEncoding = 4; lastKnownFileType = sourcecode.c.h; path = NKSendMessageUIController.h; sourceTree = "<group>"; };
		29D40BDC1D226A7F003F6F7B /* NKSendMessageUIController.m */ = {isa = PBXFileReference; fileEncoding = 4; lastKnownFileType = sourcecode.c.objc; path = NKSendMessageUIController.m; sourceTree = "<group>"; };
		29D40BDE1D226A7F003F6F7B /* NKContactService.h */ = {isa = PBXFileReference; fileEncoding = 4; lastKnownFileType = sourcecode.c.h; path = NKContactService.h; sourceTree = "<group>"; };
		29D40BDF1D226A7F003F6F7B /* NKContactService.m */ = {isa = PBXFileReference; fileEncoding = 4; lastKnownFileType = sourcecode.c.objc; path = NKContactService.m; sourceTree = "<group>"; };
		29D40BE01D226A7F003F6F7B /* NKLocationService.h */ = {isa = PBXFileReference; fileEncoding = 4; lastKnownFileType = sourcecode.c.h; path = NKLocationService.h; sourceTree = "<group>"; };
		29D40BE11D226A7F003F6F7B /* NKLocationService.m */ = {isa = PBXFileReference; fileEncoding = 4; lastKnownFileType = sourcecode.c.objc; path = NKLocationService.m; sourceTree = "<group>"; };
		29D40BE21D226A7F003F6F7B /* NKServiceManager.h */ = {isa = PBXFileReference; fileEncoding = 4; lastKnownFileType = sourcecode.c.h; path = NKServiceManager.h; sourceTree = "<group>"; };
		29D40BE31D226A7F003F6F7B /* NKServiceManager.m */ = {isa = PBXFileReference; fileEncoding = 4; lastKnownFileType = sourcecode.c.objc; path = NKServiceManager.m; sourceTree = "<group>"; };
		29D40BE41D226A7F003F6F7B /* NKSiriService.h */ = {isa = PBXFileReference; fileEncoding = 4; lastKnownFileType = sourcecode.c.h; path = NKSiriService.h; sourceTree = "<group>"; };
		29D40BE51D226A7F003F6F7B /* NKSiriService.m */ = {isa = PBXFileReference; fileEncoding = 4; lastKnownFileType = sourcecode.c.objc; path = NKSiriService.m; sourceTree = "<group>"; };
		29D40BE81D226A7F003F6F7B /* NKCommonView.h */ = {isa = PBXFileReference; fileEncoding = 4; lastKnownFileType = sourcecode.c.h; path = NKCommonView.h; sourceTree = "<group>"; };
		29D40BE91D226A7F003F6F7B /* NKCommonView.m */ = {isa = PBXFileReference; fileEncoding = 4; lastKnownFileType = sourcecode.c.objc; path = NKCommonView.m; sourceTree = "<group>"; };
		29D40BEA1D226A7F003F6F7B /* NKHomeTableViewAdapter.h */ = {isa = PBXFileReference; fileEncoding = 4; lastKnownFileType = sourcecode.c.h; path = NKHomeTableViewAdapter.h; sourceTree = "<group>"; };
		29D40BEB1D226A7F003F6F7B /* NKHomeTableViewAdapter.m */ = {isa = PBXFileReference; fileEncoding = 4; lastKnownFileType = sourcecode.c.objc; path = NKHomeTableViewAdapter.m; sourceTree = "<group>"; };
		29D40BEC1D226A7F003F6F7B /* NKHomeView.h */ = {isa = PBXFileReference; fileEncoding = 4; lastKnownFileType = sourcecode.c.h; path = NKHomeView.h; sourceTree = "<group>"; };
		29D40BED1D226A7F003F6F7B /* NKHomeView.m */ = {isa = PBXFileReference; fileEncoding = 4; lastKnownFileType = sourcecode.c.objc; path = NKHomeView.m; sourceTree = "<group>"; };
		29D40BEE1D226A7F003F6F7B /* NKSendMessageUIView.h */ = {isa = PBXFileReference; fileEncoding = 4; lastKnownFileType = sourcecode.c.h; path = NKSendMessageUIView.h; sourceTree = "<group>"; };
		29D40BEF1D226A7F003F6F7B /* NKSendMessageUIView.m */ = {isa = PBXFileReference; fileEncoding = 4; lastKnownFileType = sourcecode.c.objc; path = NKSendMessageUIView.m; sourceTree = "<group>"; };
		29D40BF11D226A7F003F6F7B /* NKBaseViewController.h */ = {isa = PBXFileReference; fileEncoding = 4; lastKnownFileType = sourcecode.c.h; path = NKBaseViewController.h; sourceTree = "<group>"; };
		29D40BF21D226A7F003F6F7B /* NKBaseViewController.m */ = {isa = PBXFileReference; fileEncoding = 4; lastKnownFileType = sourcecode.c.objc; path = NKBaseViewController.m; sourceTree = "<group>"; };
		29D40BF31D226A7F003F6F7B /* NKNavigationController.h */ = {isa = PBXFileReference; fileEncoding = 4; lastKnownFileType = sourcecode.c.h; path = NKNavigationController.h; sourceTree = "<group>"; };
		29D40BF41D226A7F003F6F7B /* NKNavigationController.m */ = {isa = PBXFileReference; fileEncoding = 4; lastKnownFileType = sourcecode.c.objc; path = NKNavigationController.m; sourceTree = "<group>"; };
		29D40C221D227657003F6F7B /* CLPDemo-Prefix.pch */ = {isa = PBXFileReference; fileEncoding = 4; lastKnownFileType = sourcecode.c.h; path = "CLPDemo-Prefix.pch"; sourceTree = "<group>"; };
		29EA8B091D20047C00CF2837 /* CLPSiriIntent.appex */ = {isa = PBXFileReference; explicitFileType = "wrapper.app-extension"; includeInIndex = 0; path = CLPSiriIntent.appex; sourceTree = BUILT_PRODUCTS_DIR; };
		29EA8B0B1D20047C00CF2837 /* SiriIntentHandler.h */ = {isa = PBXFileReference; lastKnownFileType = sourcecode.c.h; path = SiriIntentHandler.h; sourceTree = "<group>"; };
		29EA8B0C1D20047C00CF2837 /* SiriIntentHandler.m */ = {isa = PBXFileReference; lastKnownFileType = sourcecode.c.objc; path = SiriIntentHandler.m; sourceTree = "<group>"; };
		29EA8B0E1D20047C00CF2837 /* Info.plist */ = {isa = PBXFileReference; lastKnownFileType = text.plist.xml; path = Info.plist; sourceTree = "<group>"; };
		3E5A0AB10351F1038DA46F7D /* Pods_CLPSiriIntent.framework */ = {isa = PBXFileReference; explicitFileType = wrapper.framework; includeInIndex = 0; path = Pods_CLPSiriIntent.framework; sourceTree = BUILT_PRODUCTS_DIR; };
		4D0A46256C8CA42F294108BB /* Pods_CLPSiriIntentUI.framework */ = {isa = PBXFileReference; explicitFileType = wrapper.framework; includeInIndex = 0; path = Pods_CLPSiriIntentUI.framework; sourceTree = BUILT_PRODUCTS_DIR; };
		5A6EA71FC0B0B423623AFC72 /* Pods-CLPDemo.debug.xcconfig */ = {isa = PBXFileReference; includeInIndex = 1; lastKnownFileType = text.xcconfig; name = "Pods-CLPDemo.debug.xcconfig"; path = "Pods/Target Support Files/Pods-CLPDemo/Pods-CLPDemo.debug.xcconfig"; sourceTree = "<group>"; };
		8E03B1ABEB964094F59B0D82 /* Pods_CLPDemo.framework */ = {isa = PBXFileReference; explicitFileType = wrapper.framework; includeInIndex = 0; path = Pods_CLPDemo.framework; sourceTree = BUILT_PRODUCTS_DIR; };
		9277C8E2A28231A991590865 /* Pods-CLPSiriIntent.release.xcconfig */ = {isa = PBXFileReference; includeInIndex = 1; lastKnownFileType = text.xcconfig; name = "Pods-CLPSiriIntent.release.xcconfig"; path = "Pods/Target Support Files/Pods-CLPSiriIntent/Pods-CLPSiriIntent.release.xcconfig"; sourceTree = "<group>"; };
		B9169BA8FF89C533BAEBE78D /* Pods-CLPDemo.release.xcconfig */ = {isa = PBXFileReference; includeInIndex = 1; lastKnownFileType = text.xcconfig; name = "Pods-CLPDemo.release.xcconfig"; path = "Pods/Target Support Files/Pods-CLPDemo/Pods-CLPDemo.release.xcconfig"; sourceTree = "<group>"; };
		BDD646C19EB0B02C7D0DB64B /* Pods-CLPSiriIntentUI.release.xcconfig */ = {isa = PBXFileReference; includeInIndex = 1; lastKnownFileType = text.xcconfig; name = "Pods-CLPSiriIntentUI.release.xcconfig"; path = "Pods/Target Support Files/Pods-CLPSiriIntentUI/Pods-CLPSiriIntentUI.release.xcconfig"; sourceTree = "<group>"; };
		D7A75213C12E09B10FA68C63 /* Pods-CLPSiriIntent.debug.xcconfig */ = {isa = PBXFileReference; includeInIndex = 1; lastKnownFileType = text.xcconfig; name = "Pods-CLPSiriIntent.debug.xcconfig"; path = "Pods/Target Support Files/Pods-CLPSiriIntent/Pods-CLPSiriIntent.debug.xcconfig"; sourceTree = "<group>"; };
/* End PBXFileReference section */

/* Begin PBXFrameworksBuildPhase section */
		29525C7B1D1B848600303F1D /* Frameworks */ = {
			isa = PBXFrameworksBuildPhase;
			buildActionMask = 2147483647;
			files = (
				2964681B1D1FF67C004C4C74 /* CoreLocation.framework in Frameworks */,
				C08302184846BAB5F514F27E /* Pods_CLPDemo.framework in Frameworks */,
			);
			runOnlyForDeploymentPostprocessing = 0;
		};
		29525C941D1B848600303F1D /* Frameworks */ = {
			isa = PBXFrameworksBuildPhase;
			buildActionMask = 2147483647;
			files = (
			);
			runOnlyForDeploymentPostprocessing = 0;
		};
		29AC84751D20083900EF9B18 /* Frameworks */ = {
			isa = PBXFrameworksBuildPhase;
			buildActionMask = 2147483647;
			files = (
				29AC84791D20083900EF9B18 /* IntentsUI.framework in Frameworks */,
				14419AB1B6CFB044669DA523 /* Pods_CLPSiriIntentUI.framework in Frameworks */,
			);
			runOnlyForDeploymentPostprocessing = 0;
		};
		29EA8B061D20047C00CF2837 /* Frameworks */ = {
			isa = PBXFrameworksBuildPhase;
			buildActionMask = 2147483647;
			files = (
				6341D59906C57C99D5171EEE /* Pods_CLPSiriIntent.framework in Frameworks */,
			);
			runOnlyForDeploymentPostprocessing = 0;
		};
/* End PBXFrameworksBuildPhase section */

/* Begin PBXGroup section */
		291527B31D6892800062E74F /* View */ = {
			isa = PBXGroup;
			children = (
				291527B41D6892B30062E74F /* NKAutohomeView.h */,
				291527B51D6892B30062E74F /* NKAutohomeView.m */,
			);
			path = View;
			sourceTree = "<group>";
		};
		29525C751D1B848600303F1D = {
			isa = PBXGroup;
			children = (
				29D40BCE1D226A7F003F6F7B /* CLPDemoCore */,
				2955B0971D1BC26B002AC741 /* Podfile */,
				29525C801D1B848600303F1D /* CLPDemo */,
				29525C9A1D1B848600303F1D /* CLPDemoTests */,
				29EA8B0A1D20047C00CF2837 /* CLPSiriIntent */,
				29AC847A1D20083900EF9B18 /* CLPSiriIntentUI */,
				29525C7F1D1B848600303F1D /* Products */,
				CFC14CB7B5A8885D3127AD4A /* Pods */,
				EC9D336AB0AEE3B7758D036B /* Frameworks */,
			);
			sourceTree = "<group>";
		};
		29525C7F1D1B848600303F1D /* Products */ = {
			isa = PBXGroup;
			children = (
				29525C7E1D1B848600303F1D /* CLPDemo.app */,
				29525C971D1B848600303F1D /* CLPDemoTests.xctest */,
				29EA8B091D20047C00CF2837 /* CLPSiriIntent.appex */,
				29AC84781D20083900EF9B18 /* CLPSiriIntentUI.appex */,
			);
			name = Products;
			sourceTree = "<group>";
		};
		29525C801D1B848600303F1D /* CLPDemo */ = {
			isa = PBXGroup;
			children = (
				291527B31D6892800062E74F /* View */,
				291527AF1D688ED10062E74F /* CLPDemo.entitlements */,
				29525CA61D1B94E000303F1D /* ViewController */,
				29525C841D1B848600303F1D /* NKAppDelegate.h */,
				29525C851D1B848600303F1D /* NKAppDelegate.m */,
				29525C8D1D1B848600303F1D /* Assets.xcassets */,
				29525C8F1D1B848600303F1D /* LaunchScreen.storyboard */,
				29525C921D1B848600303F1D /* Info.plist */,
				29525C811D1B848600303F1D /* Supporting Files */,
				29D40C221D227657003F6F7B /* CLPDemo-Prefix.pch */,
			);
			path = CLPDemo;
			sourceTree = "<group>";
		};
		29525C811D1B848600303F1D /* Supporting Files */ = {
			isa = PBXGroup;
			children = (
				29525C821D1B848600303F1D /* main.m */,
			);
			name = "Supporting Files";
			sourceTree = "<group>";
		};
		29525C9A1D1B848600303F1D /* CLPDemoTests */ = {
			isa = PBXGroup;
			children = (
				29525C9B1D1B848600303F1D /* CLPDemoTests.m */,
				29525C9D1D1B848600303F1D /* Info.plist */,
			);
			path = CLPDemoTests;
			sourceTree = "<group>";
		};
		29525CA61D1B94E000303F1D /* ViewController */ = {
			isa = PBXGroup;
			children = (
				2982464E1D1B957700D2054C /* NKHomeViewController.h */,
				2982464F1D1B957700D2054C /* NKHomeViewController.m */,
				29827C901D1BD11B00D4133D /* NKSiriViewController.h */,
				29827C911D1BD11B00D4133D /* NKSiriViewController.m */,
				291527B01D6891E90062E74F /* NKAutohomeController.h */,
				291527B11D6891E90062E74F /* NKAutohomeController.m */,
			);
			path = ViewController;
			sourceTree = "<group>";
		};
		29AC847A1D20083900EF9B18 /* CLPSiriIntentUI */ = {
			isa = PBXGroup;
			children = (
				29BD84D31D20FC040015B2F1 /* SiriIntentViewController.h */,
				29BD84D41D20FC040015B2F1 /* SiriIntentViewController.m */,
				29AC84811D20083900EF9B18 /* Info.plist */,
			);
			path = CLPSiriIntentUI;
			sourceTree = "<group>";
		};
		29D40BCE1D226A7F003F6F7B /* CLPDemoCore */ = {
			isa = PBXGroup;
			children = (
				29D40BCF1D226A7F003F6F7B /* CLPDemoCore.h */,
				29D40BD01D226A7F003F6F7B /* Common */,
				29D40BDA1D226A7F003F6F7B /* Controller */,
				29D40BDD1D226A7F003F6F7B /* Service */,
				29D40BE71D226A7F003F6F7B /* View */,
				29D40BF01D226A7F003F6F7B /* ViewController */,
				2927F6A31D2372280037ED22 /* CLPDemoCore.m */,
			);
			path = CLPDemoCore;
			sourceTree = "<group>";
		};
		29D40BD01D226A7F003F6F7B /* Common */ = {
			isa = PBXGroup;
			children = (
				29D40BD11D226A7F003F6F7B /* NKCommonDefine.h */,
				29D40BD21D226A7F003F6F7B /* NKCommonDefine.m */,
				29D40BD31D226A7F003F6F7B /* NKSectionedTable */,
				29D40BD81D226A7F003F6F7B /* NKUtil.h */,
				29D40BD91D226A7F003F6F7B /* NKUtil.m */,
			);
			path = Common;
			sourceTree = "<group>";
		};
		29D40BD31D226A7F003F6F7B /* NKSectionedTable */ = {
			isa = PBXGroup;
			children = (
				29D40BD41D226A7F003F6F7B /* NKSectionedTableView.h */,
				29D40BD51D226A7F003F6F7B /* NKSectionedTableView.m */,
				29D40BD61D226A7F003F6F7B /* NKSectionedTableViewAdapter.h */,
				29D40BD71D226A7F003F6F7B /* NKSectionedTableViewAdapter.m */,
			);
			path = NKSectionedTable;
			sourceTree = "<group>";
		};
		29D40BDA1D226A7F003F6F7B /* Controller */ = {
			isa = PBXGroup;
			children = (
				29D40BDB1D226A7F003F6F7B /* NKSendMessageUIController.h */,
				29D40BDC1D226A7F003F6F7B /* NKSendMessageUIController.m */,
				2903606E1D268EB100B4798C /* NKSendPaymentUIController.h */,
				2903606F1D268EB100B4798C /* NKSendPaymentUIController.m */,
				290360721D268EC200B4798C /* NKRequestPaymentUIController.h */,
				290360731D268EC200B4798C /* NKRequestPaymentUIController.m */,
			);
			path = Controller;
			sourceTree = "<group>";
		};
		29D40BDD1D226A7F003F6F7B /* Service */ = {
			isa = PBXGroup;
			children = (
				29D40BDE1D226A7F003F6F7B /* NKContactService.h */,
				29D40BDF1D226A7F003F6F7B /* NKContactService.m */,
				29D40BE01D226A7F003F6F7B /* NKLocationService.h */,
				29D40BE11D226A7F003F6F7B /* NKLocationService.m */,
				29D40BE21D226A7F003F6F7B /* NKServiceManager.h */,
				29D40BE31D226A7F003F6F7B /* NKServiceManager.m */,
				29D40BE41D226A7F003F6F7B /* NKSiriService.h */,
				29D40BE51D226A7F003F6F7B /* NKSiriService.m */,
			);
			path = Service;
			sourceTree = "<group>";
		};
		29D40BE71D226A7F003F6F7B /* View */ = {
			isa = PBXGroup;
			children = (
				29D40BE81D226A7F003F6F7B /* NKCommonView.h */,
				29D40BE91D226A7F003F6F7B /* NKCommonView.m */,
				29D40BEA1D226A7F003F6F7B /* NKHomeTableViewAdapter.h */,
				29D40BEB1D226A7F003F6F7B /* NKHomeTableViewAdapter.m */,
				29D40BEC1D226A7F003F6F7B /* NKHomeView.h */,
				29D40BED1D226A7F003F6F7B /* NKHomeView.m */,
				2903607A1D268EEE00B4798C /* NKRequestPaymentUIView.h */,
				2903607B1D268EEE00B4798C /* NKRequestPaymentUIView.m */,
				29D40BEE1D226A7F003F6F7B /* NKSendMessageUIView.h */,
				29D40BEF1D226A7F003F6F7B /* NKSendMessageUIView.m */,
				290360761D268EE000B4798C /* NKSendPaymentUIView.h */,
				290360771D268EE000B4798C /* NKSendPaymentUIView.m */,
			);
			path = View;
			sourceTree = "<group>";
		};
		29D40BF01D226A7F003F6F7B /* ViewController */ = {
			isa = PBXGroup;
			children = (
				29D40BF11D226A7F003F6F7B /* NKBaseViewController.h */,
				29D40BF21D226A7F003F6F7B /* NKBaseViewController.m */,
				29D40BF31D226A7F003F6F7B /* NKNavigationController.h */,
				29D40BF41D226A7F003F6F7B /* NKNavigationController.m */,
			);
			path = ViewController;
			sourceTree = "<group>";
		};
		29EA8B0A1D20047C00CF2837 /* CLPSiriIntent */ = {
			isa = PBXGroup;
			children = (
				29EA8B0E1D20047C00CF2837 /* Info.plist */,
				2953C2F11D29518D004725A3 /* SiriCancelWorkoutIntentHandler.h */,
				2953C2F21D29518D004725A3 /* SiriCancelWorkoutIntentHandler.m */,
				2953C2EE1D295180004725A3 /* SiriEndWorkoutIntentHandler.h */,
				2953C2EF1D295180004725A3 /* SiriEndWorkoutIntentHandler.m */,
				29107A551D26A28D001C85B2 /* SiriGetRideStatusIntentHandler.h */,
				29107A561D26A28D001C85B2 /* SiriGetRideStatusIntentHandler.m */,
				29EA8B0B1D20047C00CF2837 /* SiriIntentHandler.h */,
				29EA8B0C1D20047C00CF2837 /* SiriIntentHandler.m */,
				294A25971D2650CF003E607B /* SiriIRequestPaymentntentHandler.h */,
				294A25981D2650CF003E607B /* SiriIRequestPaymentntentHandler.m */,
				294A25941D2650C1003E607B /* SiriISendPaymentntentHandler.h */,
				294A25951D2650C1003E607B /* SiriISendPaymentntentHandler.m */,
				29107A4F1D26A25E001C85B2 /* SiriListRideOptionsIntentHandler.h */,
				29107A501D26A25E001C85B2 /* SiriListRideOptionsIntentHandler.m */,
				2953C2E81D295160004725A3 /* SiriPauseWorkoutIntentHandler.h */,
				2953C2E91D295160004725A3 /* SiriPauseWorkoutIntentHandler.m */,
				29107A521D26A275001C85B2 /* SiriRequestRideIntentHandler.h */,
				29107A531D26A275001C85B2 /* SiriRequestRideIntentHandler.m */,
				2953C2EB1D295171004725A3 /* SiriResumeWorkoutIntentHandler.h */,
				2953C2EC1D295171004725A3 /* SiriResumeWorkoutIntentHandler.m */,
				299D6D4B1D2522DC004608AC /* SiriSearchCallHistoryIntentHandler.h */,
				299D6D4C1D2522DC004608AC /* SiriSearchCallHistoryIntentHandler.m */,
				292E7EF11D23CAB700EB8C96 /* SiriSearchMessageIntentHandler.h */,
				292E7EF21D23CAB700EB8C96 /* SiriSearchMessageIntentHandler.m */,
				294A258E1D26191D003E607B /* SiriSearchPhotosIntentHandler.h */,
				294A258F1D26191D003E607B /* SiriSearchPhotosIntentHandler.m */,
				29CA26C91D23B47D00EE679B /* SiriSendMessageIntentHandler.h */,
				29CA26CA1D23B47D00EE679B /* SiriSendMessageIntentHandler.m */,
				299D6D451D2522AC004608AC /* SiriStartAudioCallIntentHandler.h */,
				299D6D461D2522AC004608AC /* SiriStartAudioCallIntentHandler.m */,
				294A25911D26193B003E607B /* SiriStartPhotoPlaybackIntentHandler.h */,
				294A25921D26193B003E607B /* SiriStartPhotoPlaybackIntentHandler.m */,
				299D6D481D2522C3004608AC /* SiriStartVideoCallIntentHandler.h */,
				299D6D491D2522C3004608AC /* SiriStartVideoCallIntentHandler.m */,
				2953C2E51D2950DF004725A3 /* SiriStartWorkoutIntentHandler.h */,
				2953C2E61D2950DF004725A3 /* SiriStartWorkoutIntentHandler.m */,
			);
			path = CLPSiriIntent;
			sourceTree = "<group>";
		};
		CFC14CB7B5A8885D3127AD4A /* Pods */ = {
			isa = PBXGroup;
			children = (
				5A6EA71FC0B0B423623AFC72 /* Pods-CLPDemo.debug.xcconfig */,
				B9169BA8FF89C533BAEBE78D /* Pods-CLPDemo.release.xcconfig */,
				D7A75213C12E09B10FA68C63 /* Pods-CLPSiriIntent.debug.xcconfig */,
				9277C8E2A28231A991590865 /* Pods-CLPSiriIntent.release.xcconfig */,
				20EDEA6F13316A2E45433E81 /* Pods-CLPSiriIntentUI.debug.xcconfig */,
				BDD646C19EB0B02C7D0DB64B /* Pods-CLPSiriIntentUI.release.xcconfig */,
			);
			name = Pods;
			sourceTree = "<group>";
		};
		EC9D336AB0AEE3B7758D036B /* Frameworks */ = {
			isa = PBXGroup;
			children = (
				2964681A1D1FF67C004C4C74 /* CoreLocation.framework */,
				292D9B1E1D1FE5C700277A22 /* Contacts.framework */,
				292D9B1C1D1FD17300277A22 /* Intents.framework */,
				29827CA21D1C009C00D4133D /* IntentsUI.framework */,
				8E03B1ABEB964094F59B0D82 /* Pods_CLPDemo.framework */,
				3E5A0AB10351F1038DA46F7D /* Pods_CLPSiriIntent.framework */,
				4D0A46256C8CA42F294108BB /* Pods_CLPSiriIntentUI.framework */,
			);
			name = Frameworks;
			sourceTree = "<group>";
		};
/* End PBXGroup section */

/* Begin PBXNativeTarget section */
		29525C7D1D1B848600303F1D /* CLPDemo */ = {
			isa = PBXNativeTarget;
			buildConfigurationList = 29525CA01D1B848600303F1D /* Build configuration list for PBXNativeTarget "CLPDemo" */;
			buildPhases = (
				92B3CCF5AB5074C535A997F6 /* Check Pods Manifest.lock */,
				29525C7A1D1B848600303F1D /* Sources */,
				29525C7B1D1B848600303F1D /* Frameworks */,
				29525C7C1D1B848600303F1D /* Resources */,
				B7A6C3E9981B3E2C118BF6DF /* Embed Pods Frameworks */,
				3756391A57427EF788D1DD0C /* Copy Pods Resources */,
				29827CB81D1C009D00D4133D /* Embed App Extensions */,
			);
			buildRules = (
			);
			dependencies = (
				29EA8B211D20047D00CF2837 /* PBXTargetDependency */,
				29AC84831D20083900EF9B18 /* PBXTargetDependency */,
			);
			name = CLPDemo;
			productName = CLPDemo;
			productReference = 29525C7E1D1B848600303F1D /* CLPDemo.app */;
			productType = "com.apple.product-type.application";
		};
		29525C961D1B848600303F1D /* CLPDemoTests */ = {
			isa = PBXNativeTarget;
			buildConfigurationList = 29525CA31D1B848600303F1D /* Build configuration list for PBXNativeTarget "CLPDemoTests" */;
			buildPhases = (
				29525C931D1B848600303F1D /* Sources */,
				29525C941D1B848600303F1D /* Frameworks */,
				29525C951D1B848600303F1D /* Resources */,
			);
			buildRules = (
			);
			dependencies = (
				29525C991D1B848600303F1D /* PBXTargetDependency */,
			);
			name = CLPDemoTests;
			productName = CLPDemoTests;
			productReference = 29525C971D1B848600303F1D /* CLPDemoTests.xctest */;
			productType = "com.apple.product-type.bundle.unit-test";
		};
		29AC84771D20083900EF9B18 /* CLPSiriIntentUI */ = {
			isa = PBXNativeTarget;
			buildConfigurationList = 29AC84871D20083A00EF9B18 /* Build configuration list for PBXNativeTarget "CLPSiriIntentUI" */;
			buildPhases = (
				8729DFFE7E1EC69EFF4A9677 /* Check Pods Manifest.lock */,
				29AC84741D20083900EF9B18 /* Sources */,
				29AC84751D20083900EF9B18 /* Frameworks */,
				29AC84761D20083900EF9B18 /* Resources */,
				844B45EA0F4FDA17026B77C3 /* Embed Pods Frameworks */,
				B61069F374541F283DEA99EC /* Copy Pods Resources */,
			);
			buildRules = (
			);
			dependencies = (
			);
			name = CLPSiriIntentUI;
			productName = CLPSiriIntentUI;
			productReference = 29AC84781D20083900EF9B18 /* CLPSiriIntentUI.appex */;
			productType = "com.apple.product-type.app-extension";
		};
		29EA8B081D20047C00CF2837 /* CLPSiriIntent */ = {
			isa = PBXNativeTarget;
			buildConfigurationList = 29EA8B261D20047D00CF2837 /* Build configuration list for PBXNativeTarget "CLPSiriIntent" */;
			buildPhases = (
				517B891F9D2F74A2DC521D1D /* Check Pods Manifest.lock */,
				29EA8B051D20047C00CF2837 /* Sources */,
				29EA8B061D20047C00CF2837 /* Frameworks */,
				29EA8B071D20047C00CF2837 /* Resources */,
				FC9409DB415C5E37487E4098 /* Embed Pods Frameworks */,
				9DD31651849E6B436629819D /* Copy Pods Resources */,
			);
			buildRules = (
			);
			dependencies = (
			);
			name = CLPSiriIntent;
			productName = CLPSiriIntent;
			productReference = 29EA8B091D20047C00CF2837 /* CLPSiriIntent.appex */;
			productType = "com.apple.product-type.app-extension";
		};
/* End PBXNativeTarget section */

/* Begin PBXProject section */
		29525C761D1B848600303F1D /* Project object */ = {
			isa = PBXProject;
			attributes = {
				LastUpgradeCheck = 0800;
				ORGANIZATIONNAME = KyleWong;
				TargetAttributes = {
					29525C7D1D1B848600303F1D = {
						CreatedOnToolsVersion = 8.0;
						DevelopmentTeam = 97279NM794;
						DevelopmentTeamName = "Wong Kyle (Personal Team)";
						LastSwiftMigration = 0800;
						ProvisioningStyle = Manual;
						SystemCapabilities = {
							com.apple.BackgroundModes = {
								enabled = 1;
							};
							com.apple.Siri = {
								enabled = 1;
							};
						};
					};
					29525C961D1B848600303F1D = {
						CreatedOnToolsVersion = 8.0;
						ProvisioningStyle = Automatic;
						TestTargetID = 29525C7D1D1B848600303F1D;
					};
					29AC84771D20083900EF9B18 = {
						CreatedOnToolsVersion = 8.0;
						DevelopmentTeam = 97279NM794;
						DevelopmentTeamName = "Wong Kyle (Personal Team)";
						LastSwiftMigration = 0800;
						ProvisioningStyle = Manual;
					};
					29EA8B081D20047C00CF2837 = {
						CreatedOnToolsVersion = 8.0;
						DevelopmentTeam = 97279NM794;
						DevelopmentTeamName = "Wong Kyle (Personal Team)";
						LastSwiftMigration = 0800;
						ProvisioningStyle = Manual;
					};
				};
			};
			buildConfigurationList = 29525C791D1B848600303F1D /* Build configuration list for PBXProject "CLPDemo" */;
			compatibilityVersion = "Xcode 3.2";
			developmentRegion = English;
			hasScannedForEncodings = 0;
			knownRegions = (
				en,
				Base,
			);
			mainGroup = 29525C751D1B848600303F1D;
			productRefGroup = 29525C7F1D1B848600303F1D /* Products */;
			projectDirPath = "";
			projectRoot = "";
			targets = (
				29525C7D1D1B848600303F1D /* CLPDemo */,
				29525C961D1B848600303F1D /* CLPDemoTests */,
				29EA8B081D20047C00CF2837 /* CLPSiriIntent */,
				29AC84771D20083900EF9B18 /* CLPSiriIntentUI */,
			);
		};
/* End PBXProject section */

/* Begin PBXResourcesBuildPhase section */
		29525C7C1D1B848600303F1D /* Resources */ = {
			isa = PBXResourcesBuildPhase;
			buildActionMask = 2147483647;
			files = (
				2955B0981D1BC26B002AC741 /* Podfile in Resources */,
				29525C911D1B848600303F1D /* LaunchScreen.storyboard in Resources */,
				29525C8E1D1B848600303F1D /* Assets.xcassets in Resources */,
			);
			runOnlyForDeploymentPostprocessing = 0;
		};
		29525C951D1B848600303F1D /* Resources */ = {
			isa = PBXResourcesBuildPhase;
			buildActionMask = 2147483647;
			files = (
			);
			runOnlyForDeploymentPostprocessing = 0;
		};
		29AC84761D20083900EF9B18 /* Resources */ = {
			isa = PBXResourcesBuildPhase;
			buildActionMask = 2147483647;
			files = (
			);
			runOnlyForDeploymentPostprocessing = 0;
		};
		29EA8B071D20047C00CF2837 /* Resources */ = {
			isa = PBXResourcesBuildPhase;
			buildActionMask = 2147483647;
			files = (
			);
			runOnlyForDeploymentPostprocessing = 0;
		};
/* End PBXResourcesBuildPhase section */

/* Begin PBXShellScriptBuildPhase section */
		3756391A57427EF788D1DD0C /* Copy Pods Resources */ = {
			isa = PBXShellScriptBuildPhase;
			buildActionMask = 2147483647;
			files = (
			);
			inputPaths = (
			);
			name = "Copy Pods Resources";
			outputPaths = (
			);
			runOnlyForDeploymentPostprocessing = 0;
			shellPath = /bin/sh;
			shellScript = "\"${SRCROOT}/Pods/Target Support Files/Pods-CLPDemo/Pods-CLPDemo-resources.sh\"\n";
			showEnvVarsInLog = 0;
		};
		517B891F9D2F74A2DC521D1D /* Check Pods Manifest.lock */ = {
			isa = PBXShellScriptBuildPhase;
			buildActionMask = 2147483647;
			files = (
			);
			inputPaths = (
			);
			name = "Check Pods Manifest.lock";
			outputPaths = (
			);
			runOnlyForDeploymentPostprocessing = 0;
			shellPath = /bin/sh;
			shellScript = "diff \"${PODS_ROOT}/../Podfile.lock\" \"${PODS_ROOT}/Manifest.lock\" > /dev/null\nif [[ $? != 0 ]] ; then\n    cat << EOM\nerror: The sandbox is not in sync with the Podfile.lock. Run 'pod install' or update your CocoaPods installation.\nEOM\n    exit 1\nfi\n";
			showEnvVarsInLog = 0;
		};
		844B45EA0F4FDA17026B77C3 /* Embed Pods Frameworks */ = {
			isa = PBXShellScriptBuildPhase;
			buildActionMask = 2147483647;
			files = (
			);
			inputPaths = (
			);
			name = "Embed Pods Frameworks";
			outputPaths = (
			);
			runOnlyForDeploymentPostprocessing = 0;
			shellPath = /bin/sh;
			shellScript = "\"${SRCROOT}/Pods/Target Support Files/Pods-CLPSiriIntentUI/Pods-CLPSiriIntentUI-frameworks.sh\"\n";
			showEnvVarsInLog = 0;
		};
		8729DFFE7E1EC69EFF4A9677 /* Check Pods Manifest.lock */ = {
			isa = PBXShellScriptBuildPhase;
			buildActionMask = 2147483647;
			files = (
			);
			inputPaths = (
			);
			name = "Check Pods Manifest.lock";
			outputPaths = (
			);
			runOnlyForDeploymentPostprocessing = 0;
			shellPath = /bin/sh;
			shellScript = "diff \"${PODS_ROOT}/../Podfile.lock\" \"${PODS_ROOT}/Manifest.lock\" > /dev/null\nif [[ $? != 0 ]] ; then\n    cat << EOM\nerror: The sandbox is not in sync with the Podfile.lock. Run 'pod install' or update your CocoaPods installation.\nEOM\n    exit 1\nfi\n";
			showEnvVarsInLog = 0;
		};
		92B3CCF5AB5074C535A997F6 /* Check Pods Manifest.lock */ = {
			isa = PBXShellScriptBuildPhase;
			buildActionMask = 2147483647;
			files = (
			);
			inputPaths = (
			);
			name = "Check Pods Manifest.lock";
			outputPaths = (
			);
			runOnlyForDeploymentPostprocessing = 0;
			shellPath = /bin/sh;
			shellScript = "diff \"${PODS_ROOT}/../Podfile.lock\" \"${PODS_ROOT}/Manifest.lock\" > /dev/null\nif [[ $? != 0 ]] ; then\n    cat << EOM\nerror: The sandbox is not in sync with the Podfile.lock. Run 'pod install' or update your CocoaPods installation.\nEOM\n    exit 1\nfi\n";
			showEnvVarsInLog = 0;
		};
		9DD31651849E6B436629819D /* Copy Pods Resources */ = {
			isa = PBXShellScriptBuildPhase;
			buildActionMask = 2147483647;
			files = (
			);
			inputPaths = (
			);
			name = "Copy Pods Resources";
			outputPaths = (
			);
			runOnlyForDeploymentPostprocessing = 0;
			shellPath = /bin/sh;
			shellScript = "\"${SRCROOT}/Pods/Target Support Files/Pods-CLPSiriIntent/Pods-CLPSiriIntent-resources.sh\"\n";
			showEnvVarsInLog = 0;
		};
		B61069F374541F283DEA99EC /* Copy Pods Resources */ = {
			isa = PBXShellScriptBuildPhase;
			buildActionMask = 2147483647;
			files = (
			);
			inputPaths = (
			);
			name = "Copy Pods Resources";
			outputPaths = (
			);
			runOnlyForDeploymentPostprocessing = 0;
			shellPath = /bin/sh;
			shellScript = "\"${SRCROOT}/Pods/Target Support Files/Pods-CLPSiriIntentUI/Pods-CLPSiriIntentUI-resources.sh\"\n";
			showEnvVarsInLog = 0;
		};
		B7A6C3E9981B3E2C118BF6DF /* Embed Pods Frameworks */ = {
			isa = PBXShellScriptBuildPhase;
			buildActionMask = 2147483647;
			files = (
			);
			inputPaths = (
			);
			name = "Embed Pods Frameworks";
			outputPaths = (
			);
			runOnlyForDeploymentPostprocessing = 0;
			shellPath = /bin/sh;
			shellScript = "\"${SRCROOT}/Pods/Target Support Files/Pods-CLPDemo/Pods-CLPDemo-frameworks.sh\"\n";
			showEnvVarsInLog = 0;
		};
		FC9409DB415C5E37487E4098 /* Embed Pods Frameworks */ = {
			isa = PBXShellScriptBuildPhase;
			buildActionMask = 2147483647;
			files = (
			);
			inputPaths = (
			);
			name = "Embed Pods Frameworks";
			outputPaths = (
			);
			runOnlyForDeploymentPostprocessing = 0;
			shellPath = /bin/sh;
			shellScript = "\"${SRCROOT}/Pods/Target Support Files/Pods-CLPSiriIntent/Pods-CLPSiriIntent-frameworks.sh\"\n";
			showEnvVarsInLog = 0;
		};
/* End PBXShellScriptBuildPhase section */

/* Begin PBXSourcesBuildPhase section */
		29525C7A1D1B848600303F1D /* Sources */ = {
			isa = PBXSourcesBuildPhase;
			buildActionMask = 2147483647;
			files = (
				29D40C101D226A7F003F6F7B /* NKCommonView.m in Sources */,
				291527B21D6891E90062E74F /* NKAutohomeController.m in Sources */,
				2927F6A41D2372280037ED22 /* CLPDemoCore.m in Sources */,
				29827C921D1BD11B00D4133D /* NKSiriViewController.m in Sources */,
				290360781D268EE000B4798C /* NKSendPaymentUIView.m in Sources */,
				290360741D268EC200B4798C /* NKRequestPaymentUIController.m in Sources */,
				29D40C0D1D226A7F003F6F7B /* NKSiriService.m in Sources */,
				29D40BF81D226A7F003F6F7B /* NKSectionedTableView.m in Sources */,
				29D40C161D226A7F003F6F7B /* NKHomeView.m in Sources */,
				29D40BFE1D226A7F003F6F7B /* NKUtil.m in Sources */,
				29D40C1C1D226A7F003F6F7B /* NKBaseViewController.m in Sources */,
				29D40C011D226A7F003F6F7B /* NKSendMessageUIController.m in Sources */,
				29D40BF51D226A7F003F6F7B /* NKCommonDefine.m in Sources */,
				29525C861D1B848600303F1D /* NKAppDelegate.m in Sources */,
				29D40C0A1D226A7F003F6F7B /* NKServiceManager.m in Sources */,
				29D40C131D226A7F003F6F7B /* NKHomeTableViewAdapter.m in Sources */,
				29D40C1F1D226A7F003F6F7B /* NKNavigationController.m in Sources */,
				29D40BFB1D226A7F003F6F7B /* NKSectionedTableViewAdapter.m in Sources */,
				29D40C191D226A7F003F6F7B /* NKSendMessageUIView.m in Sources */,
				29D40C041D226A7F003F6F7B /* NKContactService.m in Sources */,
				290360701D268EB100B4798C /* NKSendPaymentUIController.m in Sources */,
				291527B61D6892B30062E74F /* NKAutohomeView.m in Sources */,
				2903607C1D268EEE00B4798C /* NKRequestPaymentUIView.m in Sources */,
				29D40C071D226A7F003F6F7B /* NKLocationService.m in Sources */,
				298246501D1B957700D2054C /* NKHomeViewController.m in Sources */,
				29525C831D1B848600303F1D /* main.m in Sources */,
			);
			runOnlyForDeploymentPostprocessing = 0;
		};
		29525C931D1B848600303F1D /* Sources */ = {
			isa = PBXSourcesBuildPhase;
			buildActionMask = 2147483647;
			files = (
				29525C9C1D1B848600303F1D /* CLPDemoTests.m in Sources */,
			);
			runOnlyForDeploymentPostprocessing = 0;
		};
		29AC84741D20083900EF9B18 /* Sources */ = {
			isa = PBXSourcesBuildPhase;
			buildActionMask = 2147483647;
			files = (
				29D40C211D226A7F003F6F7B /* NKNavigationController.m in Sources */,
				29D40C031D226A7F003F6F7B /* NKSendMessageUIController.m in Sources */,
				290360791D268EE000B4798C /* NKSendPaymentUIView.m in Sources */,
				29D40C091D226A7F003F6F7B /* NKLocationService.m in Sources */,
				29D40C181D226A7F003F6F7B /* NKHomeView.m in Sources */,
				2927F6A61D2372280037ED22 /* CLPDemoCore.m in Sources */,
				290360711D268EB100B4798C /* NKSendPaymentUIController.m in Sources */,
				290360751D268EC200B4798C /* NKRequestPaymentUIController.m in Sources */,
				29D40C001D226A7F003F6F7B /* NKUtil.m in Sources */,
				29D40C061D226A7F003F6F7B /* NKContactService.m in Sources */,
				29D40BF71D226A7F003F6F7B /* NKCommonDefine.m in Sources */,
				2903607D1D268EEE00B4798C /* NKRequestPaymentUIView.m in Sources */,
				29D40BFA1D226A7F003F6F7B /* NKSectionedTableView.m in Sources */,
				29D40C0C1D226A7F003F6F7B /* NKServiceManager.m in Sources */,
				29D40C0F1D226A7F003F6F7B /* NKSiriService.m in Sources */,
				29D40C1E1D226A7F003F6F7B /* NKBaseViewController.m in Sources */,
				29D40C1B1D226A7F003F6F7B /* NKSendMessageUIView.m in Sources */,
				29D40C121D226A7F003F6F7B /* NKCommonView.m in Sources */,
				29D40C151D226A7F003F6F7B /* NKHomeTableViewAdapter.m in Sources */,
				29BD84D51D20FC040015B2F1 /* SiriIntentViewController.m in Sources */,
				29D40BFD1D226A7F003F6F7B /* NKSectionedTableViewAdapter.m in Sources */,
			);
			runOnlyForDeploymentPostprocessing = 0;
		};
		29EA8B051D20047C00CF2837 /* Sources */ = {
			isa = PBXSourcesBuildPhase;
			buildActionMask = 2147483647;
			files = (
				29D40C201D226A7F003F6F7B /* NKNavigationController.m in Sources */,
				29D40C021D226A7F003F6F7B /* NKSendMessageUIController.m in Sources */,
				29107A571D26A28D001C85B2 /* SiriGetRideStatusIntentHandler.m in Sources */,
				292E7EF31D23CAB700EB8C96 /* SiriSearchMessageIntentHandler.m in Sources */,
				29D40C081D226A7F003F6F7B /* NKLocationService.m in Sources */,
				29D40C171D226A7F003F6F7B /* NKHomeView.m in Sources */,
				299D6D471D2522AC004608AC /* SiriStartAudioCallIntentHandler.m in Sources */,
				299D6D4D1D2522DC004608AC /* SiriSearchCallHistoryIntentHandler.m in Sources */,
				2927F6A51D2372280037ED22 /* CLPDemoCore.m in Sources */,
				29D40BFF1D226A7F003F6F7B /* NKUtil.m in Sources */,
				2953C2EA1D295160004725A3 /* SiriPauseWorkoutIntentHandler.m in Sources */,
				29D40C051D226A7F003F6F7B /* NKContactService.m in Sources */,
				29D40BF61D226A7F003F6F7B /* NKCommonDefine.m in Sources */,
				29D40BF91D226A7F003F6F7B /* NKSectionedTableView.m in Sources */,
				294A25931D26193B003E607B /* SiriStartPhotoPlaybackIntentHandler.m in Sources */,
				29D40C0B1D226A7F003F6F7B /* NKServiceManager.m in Sources */,
				299D6D4A1D2522C3004608AC /* SiriStartVideoCallIntentHandler.m in Sources */,
				29D40C0E1D226A7F003F6F7B /* NKSiriService.m in Sources */,
				29CA26CB1D23B47D00EE679B /* SiriSendMessageIntentHandler.m in Sources */,
				29D40C1D1D226A7F003F6F7B /* NKBaseViewController.m in Sources */,
				29D40C1A1D226A7F003F6F7B /* NKSendMessageUIView.m in Sources */,
				2953C2E71D2950DF004725A3 /* SiriStartWorkoutIntentHandler.m in Sources */,
				29D40C111D226A7F003F6F7B /* NKCommonView.m in Sources */,
				2953C2F01D295180004725A3 /* SiriEndWorkoutIntentHandler.m in Sources */,
				29D40C141D226A7F003F6F7B /* NKHomeTableViewAdapter.m in Sources */,
				29EA8B0D1D20047C00CF2837 /* SiriIntentHandler.m in Sources */,
				294A25991D2650CF003E607B /* SiriIRequestPaymentntentHandler.m in Sources */,
				294A25961D2650C1003E607B /* SiriISendPaymentntentHandler.m in Sources */,
				294A25901D26191D003E607B /* SiriSearchPhotosIntentHandler.m in Sources */,
				2953C2ED1D295171004725A3 /* SiriResumeWorkoutIntentHandler.m in Sources */,
				2953C2F31D29518D004725A3 /* SiriCancelWorkoutIntentHandler.m in Sources */,
				29107A541D26A275001C85B2 /* SiriRequestRideIntentHandler.m in Sources */,
				29107A511D26A25E001C85B2 /* SiriListRideOptionsIntentHandler.m in Sources */,
				29D40BFC1D226A7F003F6F7B /* NKSectionedTableViewAdapter.m in Sources */,
			);
			runOnlyForDeploymentPostprocessing = 0;
		};
/* End PBXSourcesBuildPhase section */

/* Begin PBXTargetDependency section */
		29525C991D1B848600303F1D /* PBXTargetDependency */ = {
			isa = PBXTargetDependency;
			target = 29525C7D1D1B848600303F1D /* CLPDemo */;
			targetProxy = 29525C981D1B848600303F1D /* PBXContainerItemProxy */;
		};
		29AC84831D20083900EF9B18 /* PBXTargetDependency */ = {
			isa = PBXTargetDependency;
			target = 29AC84771D20083900EF9B18 /* CLPSiriIntentUI */;
			targetProxy = 29AC84821D20083900EF9B18 /* PBXContainerItemProxy */;
		};
		29EA8B211D20047D00CF2837 /* PBXTargetDependency */ = {
			isa = PBXTargetDependency;
			target = 29EA8B081D20047C00CF2837 /* CLPSiriIntent */;
			targetProxy = 29EA8B201D20047D00CF2837 /* PBXContainerItemProxy */;
		};
/* End PBXTargetDependency section */

/* Begin PBXVariantGroup section */
		29525C8F1D1B848600303F1D /* LaunchScreen.storyboard */ = {
			isa = PBXVariantGroup;
			children = (
				29525C901D1B848600303F1D /* Base */,
			);
			name = LaunchScreen.storyboard;
			sourceTree = "<group>";
		};
/* End PBXVariantGroup section */

/* Begin XCBuildConfiguration section */
		29525C9E1D1B848600303F1D /* Debug */ = {
			isa = XCBuildConfiguration;
			buildSettings = {
				ALWAYS_SEARCH_USER_PATHS = NO;
				CLANG_ANALYZER_NONNULL = YES;
				CLANG_CXX_LANGUAGE_STANDARD = "gnu++0x";
				CLANG_CXX_LIBRARY = "libc++";
				CLANG_ENABLE_MODULES = YES;
				CLANG_ENABLE_OBJC_ARC = YES;
				CLANG_WARN_BOOL_CONVERSION = YES;
				CLANG_WARN_CONSTANT_CONVERSION = YES;
				CLANG_WARN_DIRECT_OBJC_ISA_USAGE = YES_ERROR;
				CLANG_WARN_DOCUMENTATION_COMMENTS = YES;
				CLANG_WARN_EMPTY_BODY = YES;
				CLANG_WARN_ENUM_CONVERSION = YES;
				CLANG_WARN_INT_CONVERSION = YES;
				CLANG_WARN_OBJC_ROOT_CLASS = YES_ERROR;
				CLANG_WARN_UNREACHABLE_CODE = YES;
				CLANG_WARN__DUPLICATE_METHOD_MATCH = YES;
				"CODE_SIGN_IDENTITY[sdk=iphoneos*]" = "iPhone Developer";
				COPY_PHASE_STRIP = NO;
				DEBUG_INFORMATION_FORMAT = dwarf;
				ENABLE_STRICT_OBJC_MSGSEND = YES;
				ENABLE_TESTABILITY = YES;
				GCC_C_LANGUAGE_STANDARD = gnu99;
				GCC_DYNAMIC_NO_PIC = NO;
				GCC_NO_COMMON_BLOCKS = YES;
				GCC_OPTIMIZATION_LEVEL = 0;
				GCC_PREPROCESSOR_DEFINITIONS = (
					"DEBUG=1",
					"$(inherited)",
				);
				GCC_WARN_64_TO_32_BIT_CONVERSION = YES;
				GCC_WARN_ABOUT_RETURN_TYPE = YES_ERROR;
				GCC_WARN_UNDECLARED_SELECTOR = YES;
				GCC_WARN_UNINITIALIZED_AUTOS = YES_AGGRESSIVE;
				GCC_WARN_UNUSED_FUNCTION = YES;
				GCC_WARN_UNUSED_VARIABLE = YES;
				IPHONEOS_DEPLOYMENT_TARGET = 10.0;
				MTL_ENABLE_DEBUG_INFO = YES;
				ONLY_ACTIVE_ARCH = YES;
				SDKROOT = iphoneos;
			};
			name = Debug;
		};
		29525C9F1D1B848600303F1D /* Release */ = {
			isa = XCBuildConfiguration;
			buildSettings = {
				ALWAYS_SEARCH_USER_PATHS = NO;
				CLANG_ANALYZER_NONNULL = YES;
				CLANG_CXX_LANGUAGE_STANDARD = "gnu++0x";
				CLANG_CXX_LIBRARY = "libc++";
				CLANG_ENABLE_MODULES = YES;
				CLANG_ENABLE_OBJC_ARC = YES;
				CLANG_WARN_BOOL_CONVERSION = YES;
				CLANG_WARN_CONSTANT_CONVERSION = YES;
				CLANG_WARN_DIRECT_OBJC_ISA_USAGE = YES_ERROR;
				CLANG_WARN_DOCUMENTATION_COMMENTS = YES;
				CLANG_WARN_EMPTY_BODY = YES;
				CLANG_WARN_ENUM_CONVERSION = YES;
				CLANG_WARN_INT_CONVERSION = YES;
				CLANG_WARN_OBJC_ROOT_CLASS = YES_ERROR;
				CLANG_WARN_UNREACHABLE_CODE = YES;
				CLANG_WARN__DUPLICATE_METHOD_MATCH = YES;
				"CODE_SIGN_IDENTITY[sdk=iphoneos*]" = "iPhone Developer";
				COPY_PHASE_STRIP = NO;
				DEBUG_INFORMATION_FORMAT = "dwarf-with-dsym";
				ENABLE_NS_ASSERTIONS = NO;
				ENABLE_STRICT_OBJC_MSGSEND = YES;
				GCC_C_LANGUAGE_STANDARD = gnu99;
				GCC_NO_COMMON_BLOCKS = YES;
				GCC_WARN_64_TO_32_BIT_CONVERSION = YES;
				GCC_WARN_ABOUT_RETURN_TYPE = YES_ERROR;
				GCC_WARN_UNDECLARED_SELECTOR = YES;
				GCC_WARN_UNINITIALIZED_AUTOS = YES_AGGRESSIVE;
				GCC_WARN_UNUSED_FUNCTION = YES;
				GCC_WARN_UNUSED_VARIABLE = YES;
				IPHONEOS_DEPLOYMENT_TARGET = 10.0;
				MTL_ENABLE_DEBUG_INFO = NO;
				SDKROOT = iphoneos;
				VALIDATE_PRODUCT = YES;
			};
			name = Release;
		};
		29525CA11D1B848600303F1D /* Debug */ = {
			isa = XCBuildConfiguration;
			baseConfigurationReference = 5A6EA71FC0B0B423623AFC72 /* Pods-CLPDemo.debug.xcconfig */;
			buildSettings = {
				ASSETCATALOG_COMPILER_APPICON_NAME = AppIcon;
				CLANG_ENABLE_MODULES = YES;
				CODE_SIGN_ENTITLEMENTS = CLPDemo/CLPDemo.entitlements;
				CODE_SIGN_IDENTITY = "iPhone Developer: Kang Wang (39S29P74A8)";
				"CODE_SIGN_IDENTITY[sdk=iphoneos*]" = "iPhone Developer: Kang Wang (39S29P74A8)";
				GCC_PRECOMPILE_PREFIX_HEADER = YES;
				GCC_PREFIX_HEADER = "CLPDemo/CLPDemo-Prefix.pch";
				INFOPLIST_FILE = CLPDemo/Info.plist;
				LD_RUNPATH_SEARCH_PATHS = "$(inherited) @executable_path/Frameworks";
				PRODUCT_BUNDLE_IDENTIFIER = com.wecoop.CLPDemo;
				PRODUCT_NAME = "$(TARGET_NAME)";
				PROVISIONING_PROFILE = "70585802-5323-46b8-9aff-5f591f6d0a36";
				PROVISIONING_PROFILE_SPECIFIER = VP3AM7E5ZL/DevProvisionWithWildCardBundleId;
				SWIFT_OBJC_BRIDGING_HEADER = "";
				SWIFT_OPTIMIZATION_LEVEL = "-Onone";
				SWIFT_VERSION = 3.0;
			};
			name = Debug;
		};
		29525CA21D1B848600303F1D /* Release */ = {
			isa = XCBuildConfiguration;
			baseConfigurationReference = B9169BA8FF89C533BAEBE78D /* Pods-CLPDemo.release.xcconfig */;
			buildSettings = {
				ASSETCATALOG_COMPILER_APPICON_NAME = AppIcon;
				CLANG_ENABLE_MODULES = YES;
				CODE_SIGN_ENTITLEMENTS = CLPDemo/CLPDemo.entitlements;
				CODE_SIGN_IDENTITY = "iPhone Developer: Kang Wang (39S29P74A8)";
				"CODE_SIGN_IDENTITY[sdk=iphoneos*]" = "iPhone Developer: Kang Wang (39S29P74A8)";
				GCC_PRECOMPILE_PREFIX_HEADER = YES;
				GCC_PREFIX_HEADER = "CLPDemo/CLPDemo-Prefix.pch";
				INFOPLIST_FILE = CLPDemo/Info.plist;
				LD_RUNPATH_SEARCH_PATHS = "$(inherited) @executable_path/Frameworks";
				PRODUCT_BUNDLE_IDENTIFIER = com.wecoop.CLPDemo;
				PRODUCT_NAME = "$(TARGET_NAME)";
				PROVISIONING_PROFILE = "70585802-5323-46b8-9aff-5f591f6d0a36";
				PROVISIONING_PROFILE_SPECIFIER = VP3AM7E5ZL/DevProvisionWithWildCardBundleId;
				SWIFT_OBJC_BRIDGING_HEADER = "";
				SWIFT_VERSION = 3.0;
			};
			name = Release;
		};
		29525CA41D1B848600303F1D /* Debug */ = {
			isa = XCBuildConfiguration;
			buildSettings = {
				BUNDLE_LOADER = "$(TEST_HOST)";
				INFOPLIST_FILE = CLPDemoTests/Info.plist;
				LD_RUNPATH_SEARCH_PATHS = "$(inherited) @executable_path/Frameworks @loader_path/Frameworks";
				PRODUCT_BUNDLE_IDENTIFIER = com.wecoop.CLPDemoTests;
				PRODUCT_NAME = "$(TARGET_NAME)";
				TEST_HOST = "$(BUILT_PRODUCTS_DIR)/CLPDemo.app/CLPDemo";
			};
			name = Debug;
		};
		29525CA51D1B848600303F1D /* Release */ = {
			isa = XCBuildConfiguration;
			buildSettings = {
				BUNDLE_LOADER = "$(TEST_HOST)";
				INFOPLIST_FILE = CLPDemoTests/Info.plist;
				LD_RUNPATH_SEARCH_PATHS = "$(inherited) @executable_path/Frameworks @loader_path/Frameworks";
				PRODUCT_BUNDLE_IDENTIFIER = com.wecoop.CLPDemoTests;
				PRODUCT_NAME = "$(TARGET_NAME)";
				TEST_HOST = "$(BUILT_PRODUCTS_DIR)/CLPDemo.app/CLPDemo";
			};
			name = Release;
		};
		29AC84851D20083A00EF9B18 /* Debug */ = {
			isa = XCBuildConfiguration;
			baseConfigurationReference = 20EDEA6F13316A2E45433E81 /* Pods-CLPSiriIntentUI.debug.xcconfig */;
			buildSettings = {
				CLANG_ENABLE_MODULES = YES;
				CODE_SIGN_IDENTITY = "iPhone Developer: Kang Wang (39S29P74A8)";
				"CODE_SIGN_IDENTITY[sdk=iphoneos*]" = "iPhone Developer: Kang Wang (39S29P74A8)";
				INFOPLIST_FILE = CLPSiriIntentUI/Info.plist;
				LD_RUNPATH_SEARCH_PATHS = "$(inherited) @executable_path/Frameworks @executable_path/../../Frameworks";
				PRODUCT_BUNDLE_IDENTIFIER = com.wecoop.CLPDemo.CLPSiriIntentUI;
				PRODUCT_NAME = "$(TARGET_NAME)";
				PROVISIONING_PROFILE = "70585802-5323-46b8-9aff-5f591f6d0a36";
				PROVISIONING_PROFILE_SPECIFIER = VP3AM7E5ZL/DevProvisionWithWildCardBundleId;
				SKIP_INSTALL = YES;
				SWIFT_OBJC_BRIDGING_HEADER = "";
				SWIFT_OPTIMIZATION_LEVEL = "-Onone";
				SWIFT_VERSION = 3.0;
			};
			name = Debug;
		};
		29AC84861D20083A00EF9B18 /* Release */ = {
			isa = XCBuildConfiguration;
			baseConfigurationReference = BDD646C19EB0B02C7D0DB64B /* Pods-CLPSiriIntentUI.release.xcconfig */;
			buildSettings = {
				CLANG_ENABLE_MODULES = YES;
				CODE_SIGN_IDENTITY = "iPhone Developer: Kang Wang (39S29P74A8)";
				"CODE_SIGN_IDENTITY[sdk=iphoneos*]" = "iPhone Developer: Kang Wang (39S29P74A8)";
				INFOPLIST_FILE = CLPSiriIntentUI/Info.plist;
				LD_RUNPATH_SEARCH_PATHS = "$(inherited) @executable_path/Frameworks @executable_path/../../Frameworks";
				PRODUCT_BUNDLE_IDENTIFIER = com.wecoop.CLPDemo.CLPSiriIntentUI;
				PRODUCT_NAME = "$(TARGET_NAME)";
				PROVISIONING_PROFILE = "70585802-5323-46b8-9aff-5f591f6d0a36";
				PROVISIONING_PROFILE_SPECIFIER = VP3AM7E5ZL/DevProvisionWithWildCardBundleId;
				SKIP_INSTALL = YES;
				SWIFT_OBJC_BRIDGING_HEADER = "";
				SWIFT_VERSION = 3.0;
			};
			name = Release;
		};
		29EA8B271D20047D00CF2837 /* Debug */ = {
			isa = XCBuildConfiguration;
			baseConfigurationReference = D7A75213C12E09B10FA68C63 /* Pods-CLPSiriIntent.debug.xcconfig */;
			buildSettings = {
				CLANG_ENABLE_MODULES = YES;
				CODE_SIGN_IDENTITY = "iPhone Developer: Kang Wang (39S29P74A8)";
				"CODE_SIGN_IDENTITY[sdk=iphoneos*]" = "iPhone Developer: Kang Wang (39S29P74A8)";
				GCC_PREFIX_HEADER = "CLPDemo/CLPDemo-Prefix.pch";
				INFOPLIST_FILE = CLPSiriIntent/Info.plist;
				LD_RUNPATH_SEARCH_PATHS = "$(inherited) @executable_path/Frameworks @executable_path/../../Frameworks";
				PRODUCT_BUNDLE_IDENTIFIER = com.wecoop.CLPDemo.CLPSiriIntent;
				PRODUCT_NAME = "$(TARGET_NAME)";
				PROVISIONING_PROFILE = "70585802-5323-46b8-9aff-5f591f6d0a36";
				PROVISIONING_PROFILE_SPECIFIER = VP3AM7E5ZL/DevProvisionWithWildCardBundleId;
				SKIP_INSTALL = YES;
				SWIFT_OBJC_BRIDGING_HEADER = "";
				SWIFT_OPTIMIZATION_LEVEL = "-Onone";
				SWIFT_VERSION = 3.0;
			};
			name = Debug;
		};
		29EA8B281D20047D00CF2837 /* Release */ = {
			isa = XCBuildConfiguration;
			baseConfigurationReference = 9277C8E2A28231A991590865 /* Pods-CLPSiriIntent.release.xcconfig */;
			buildSettings = {
				CLANG_ENABLE_MODULES = YES;
				CODE_SIGN_IDENTITY = "iPhone Developer: Kang Wang (39S29P74A8)";
				"CODE_SIGN_IDENTITY[sdk=iphoneos*]" = "iPhone Developer: Kang Wang (39S29P74A8)";
				GCC_PREFIX_HEADER = "CLPDemo/CLPDemo-Prefix.pch";
				INFOPLIST_FILE = CLPSiriIntent/Info.plist;
				LD_RUNPATH_SEARCH_PATHS = "$(inherited) @executable_path/Frameworks @executable_path/../../Frameworks";
				PRODUCT_BUNDLE_IDENTIFIER = com.wecoop.CLPDemo.CLPSiriIntent;
				PRODUCT_NAME = "$(TARGET_NAME)";
				PROVISIONING_PROFILE = "70585802-5323-46b8-9aff-5f591f6d0a36";
				PROVISIONING_PROFILE_SPECIFIER = VP3AM7E5ZL/DevProvisionWithWildCardBundleId;
				SKIP_INSTALL = YES;
				SWIFT_OBJC_BRIDGING_HEADER = "";
				SWIFT_VERSION = 3.0;
			};
			name = Release;
		};
/* End XCBuildConfiguration section */

/* Begin XCConfigurationList section */
		29525C791D1B848600303F1D /* Build configuration list for PBXProject "CLPDemo" */ = {
			isa = XCConfigurationList;
			buildConfigurations = (
				29525C9E1D1B848600303F1D /* Debug */,
				29525C9F1D1B848600303F1D /* Release */,
			);
			defaultConfigurationIsVisible = 0;
			defaultConfigurationName = Release;
		};
		29525CA01D1B848600303F1D /* Build configuration list for PBXNativeTarget "CLPDemo" */ = {
			isa = XCConfigurationList;
			buildConfigurations = (
				29525CA11D1B848600303F1D /* Debug */,
				29525CA21D1B848600303F1D /* Release */,
			);
			defaultConfigurationIsVisible = 0;
			defaultConfigurationName = Release;
		};
		29525CA31D1B848600303F1D /* Build configuration list for PBXNativeTarget "CLPDemoTests" */ = {
			isa = XCConfigurationList;
			buildConfigurations = (
				29525CA41D1B848600303F1D /* Debug */,
				29525CA51D1B848600303F1D /* Release */,
			);
			defaultConfigurationIsVisible = 0;
			defaultConfigurationName = Release;
		};
		29AC84871D20083A00EF9B18 /* Build configuration list for PBXNativeTarget "CLPSiriIntentUI" */ = {
			isa = XCConfigurationList;
			buildConfigurations = (
				29AC84851D20083A00EF9B18 /* Debug */,
				29AC84861D20083A00EF9B18 /* Release */,
			);
			defaultConfigurationIsVisible = 0;
			defaultConfigurationName = Release;
		};
		29EA8B261D20047D00CF2837 /* Build configuration list for PBXNativeTarget "CLPSiriIntent" */ = {
			isa = XCConfigurationList;
			buildConfigurations = (
				29EA8B271D20047D00CF2837 /* Debug */,
				29EA8B281D20047D00CF2837 /* Release */,
			);
			defaultConfigurationIsVisible = 0;
			defaultConfigurationName = Release;
		};
/* End XCConfigurationList section */
	};
	rootObject = 29525C761D1B848600303F1D /* Project object */;
}
